{
  "version": 4,
  "terraform_version": "1.2.0",
  "serial": 1106,
  "lineage": "730ff65d-d0a9-ce7f-c21d-e61d998d497f",
  "outputs": {
    "Linux-Private_IP_Addresses": {
      "value": [
        "10.0.1.6",
        "10.0.1.5"
      ],
      "type": [
        "tuple",
        [
          "string",
          "string"
        ]
      ]
    },
    "Linux-Public_IP_Addresses": {
      "value": [
        "20.28.180.57",
        "20.28.179.186"
      ],
      "type": [
        "tuple",
        [
          "string",
          "string"
        ]
      ]
    },
    "Linux-VM_DNS_Labels": {
      "value": [
        "linux-vm7411-dns-1.australiaeast.cloudapp.azure.com",
        "linux-vm7411-dns-2.australiaeast.cloudapp.azure.com"
      ],
      "type": [
        "tuple",
        [
          "string",
          "string"
        ]
      ]
    },
    "Linux-VM_Hostnames": {
      "value": [
        "linux-vm74111",
        "linux-vm74112"
      ],
      "type": [
        "tuple",
        [
          "string",
          "string"
        ]
      ]
    },
    "Linux_Availability_Set": {
      "value": "linux-avs7411",
      "type": "string"
    },
    "Network_Watcher_Extension": {
      "value": [
        "networkwatcher7411",
        "networkwatcher7411"
      ],
      "type": [
        "tuple",
        [
          "string",
          "string"
        ]
      ]
    },
    "SecurityGroup": {
      "value": "secgroup",
      "type": "string"
    },
    "Subnet": {
      "value": "subnet",
      "type": "string"
    },
    "VirtualNetwork": {
      "value": "vnet7411",
      "type": "string"
    },
    "Windows-Private_IP_Address": {
      "value": [
        "10.0.1.4"
      ],
      "type": [
        "tuple",
        [
          "string"
        ]
      ]
    },
    "Windows-Public_IP_Address": {
      "value": [
        ""
      ],
      "type": [
        "tuple",
        [
          "string"
        ]
      ]
    },
    "Windows-VM_DNS_Label": {
      "value": [
        "w-vm-7411-dns.australiaeast.cloudapp.azure.com"
      ],
      "type": [
        "tuple",
        [
          "string"
        ]
      ]
    },
    "Windows_Availability_Set": {
      "value": "windows-avs",
      "type": "string"
    },
    "load_balancer_name": {
      "value": "load-balancer-7411",
      "type": "string"
    },
    "log_analytics_workspace": {
      "value": "loganal7411ws",
      "type": "string"
    },
    "postgres_db_name": {
      "value": "postgres_db7411",
      "type": "string"
    },
    "recovery_services_vault": {
      "value": "recsvault7411",
      "type": "string"
    },
    "resource_group": {
      "value": {
        "res_group": {
          "id": "/subscriptions/b8af47be-e371-411e-99cf-60e960a5d5ab/resourceGroups/7411_assignment1_RG",
          "location": "australiaeast",
          "name": "7411_assignment1_RG",
          "tags": {
            "Environment": "Lab",
            "ExpirationDate": "2022-06-30",
            "Name": "Ann.Fernando",
            "Project": "Automation Project – Assignment 1"
          },
          "timeouts": null
        }
      },
      "type": [
        "object",
        {
          "res_group": [
            "object",
            {
              "id": "string",
              "location": "string",
              "name": "string",
              "tags": [
                "map",
                "string"
              ],
              "timeouts": [
                "object",
                {
                  "create": "string",
                  "delete": "string",
                  "read": "string",
                  "update": "string"
                }
              ]
            }
          ]
        }
      ]
    },
    "standard_storage_account": {
      "value": "7411storageaccount",
      "type": "string"
    },
    "windows_Name": {
      "value": [
        "w-vm-7411"
      ],
      "type": [
        "tuple",
        [
          "string"
        ]
      ]
    }
  },
  "resources": [
    {
      "module": "module.common",
      "mode": "managed",
      "type": "azurerm_log_analytics_workspace",
      "name": "log_analytics_ws",
      "provider": "provider[\"registry.terraform.io/hashicorp/azurerm\"]",
      "instances": [
        {
          "schema_version": 2,
          "attributes": {
            "daily_quota_gb": -1,
            "id": "/subscriptions/b8af47be-e371-411e-99cf-60e960a5d5ab/resourceGroups/7411_assignment1_RG/providers/Microsoft.OperationalInsights/workspaces/loganal7411ws",
            "internet_ingestion_enabled": true,
            "internet_query_enabled": true,
            "location": "australiaeast",
            "name": "loganal7411ws",
            "primary_shared_key": "BYd7IZUS+1P4+FLi9iAwSfOGtLFOuf1SYkQfqdwLJCmwFEnqUfFa2PsKWTSVjvlxLNi/SowmMQhMuTBNFM1OdQ==",
            "reservation_capacity_in_gb_per_day": null,
            "resource_group_name": "7411_assignment1_RG",
            "retention_in_days": 30,
            "secondary_shared_key": "A074z9xBXat9FKi7N8BtJ3NtW8NCQT+gCCcSt2iFh2w+074+XqL+I6fkazGk9MWamGdaqoXXR1kgj0azyR1Hbg==",
            "sku": "PerGB2018",
            "tags": {
              "Environment": "Lab",
              "ExpirationDate": "2022-06-30",
              "Name": "Ann.Fernando",
              "Project": "Automation Project – Assignment 1"
            },
            "timeouts": null,
            "workspace_id": "e248879f-e8ec-4dae-9697-7af46da73a9c"
          },
          "sensitive_attributes": [],
          "private": "eyJlMmJmYjczMC1lY2FhLTExZTYtOGY4OC0zNDM2M2JjN2M0YzAiOnsiY3JlYXRlIjoxODAwMDAwMDAwMDAwLCJkZWxldGUiOjE4MDAwMDAwMDAwMDAsInJlYWQiOjMwMDAwMDAwMDAwMCwidXBkYXRlIjoxODAwMDAwMDAwMDAwfSwic2NoZW1hX3ZlcnNpb24iOiIyIn0=",
          "dependencies": [
            "module.rgroup.azurerm_resource_group.rgroup"
          ]
        }
      ]
    },
    {
      "module": "module.common",
      "mode": "managed",
      "type": "azurerm_recovery_services_vault",
      "name": "rec_service_vault",
      "provider": "provider[\"registry.terraform.io/hashicorp/azurerm\"]",
      "instances": [
        {
          "schema_version": 0,
          "attributes": {
            "cross_region_restore_enabled": false,
            "encryption": [],
            "id": "/subscriptions/b8af47be-e371-411e-99cf-60e960a5d5ab/resourceGroups/7411_assignment1_RG/providers/Microsoft.RecoveryServices/vaults/recsvault7411",
            "identity": [],
            "location": "australiaeast",
            "name": "recsvault7411",
            "resource_group_name": "7411_assignment1_RG",
            "sku": "Standard",
            "soft_delete_enabled": true,
            "storage_mode_type": "GeoRedundant",
            "tags": {
              "Environment": "Lab",
              "ExpirationDate": "2022-06-30",
              "Name": "Ann.Fernando",
              "Project": "Automation Project – Assignment 1"
            },
            "timeouts": null
          },
          "sensitive_attributes": [],
          "private": "eyJlMmJmYjczMC1lY2FhLTExZTYtOGY4OC0zNDM2M2JjN2M0YzAiOnsiY3JlYXRlIjoxODAwMDAwMDAwMDAwLCJkZWxldGUiOjE4MDAwMDAwMDAwMDAsInJlYWQiOjMwMDAwMDAwMDAwMCwidXBkYXRlIjoxODAwMDAwMDAwMDAwfX0=",
          "dependencies": [
            "module.rgroup.azurerm_resource_group.rgroup"
          ]
        }
      ]
    },
    {
      "module": "module.common",
      "mode": "managed",
      "type": "azurerm_storage_account",
      "name": "storage_account",
      "provider": "provider[\"registry.terraform.io/hashicorp/azurerm\"]",
      "instances": [
        {
          "schema_version": 3,
          "attributes": {
            "access_tier": "Hot",
            "account_kind": "StorageV2",
            "account_replication_type": "LRS",
            "account_tier": "Standard",
            "allow_nested_items_to_be_public": true,
            "azure_files_authentication": [],
            "blob_properties": [
              {
                "change_feed_enabled": false,
                "container_delete_retention_policy": [],
                "cors_rule": [],
                "default_service_version": "",
                "delete_retention_policy": [],
                "last_access_time_enabled": false,
                "versioning_enabled": false
              }
            ],
            "cross_tenant_replication_enabled": true,
            "custom_domain": [],
            "customer_managed_key": [],
            "edge_zone": "",
            "enable_https_traffic_only": true,
            "id": "/subscriptions/b8af47be-e371-411e-99cf-60e960a5d5ab/resourceGroups/7411_assignment1_RG/providers/Microsoft.Storage/storageAccounts/7411storageaccount",
            "identity": [],
            "infrastructure_encryption_enabled": false,
            "is_hns_enabled": false,
            "large_file_share_enabled": null,
            "location": "australiaeast",
            "min_tls_version": "TLS1_2",
            "name": "7411storageaccount",
            "network_rules": [
              {
                "bypass": [
                  "AzureServices"
                ],
                "default_action": "Allow",
                "ip_rules": [],
                "private_link_access": [],
                "virtual_network_subnet_ids": []
              }
            ],
            "nfsv3_enabled": false,
            "primary_access_key": "UlfpkGx5gQRDqb7WQMEHuqDMt5wwyyVlTzbGhToGagVobFW85gZzUVNLHC5pJixa430ff+wbgOZE+AStntQr2A==",
            "primary_blob_connection_string": "DefaultEndpointsProtocol=https;BlobEndpoint=https://7411storageaccount.blob.core.windows.net/;AccountName=7411storageaccount;AccountKey=UlfpkGx5gQRDqb7WQMEHuqDMt5wwyyVlTzbGhToGagVobFW85gZzUVNLHC5pJixa430ff+wbgOZE+AStntQr2A==",
            "primary_blob_endpoint": "https://7411storageaccount.blob.core.windows.net/",
            "primary_blob_host": "7411storageaccount.blob.core.windows.net",
            "primary_connection_string": "DefaultEndpointsProtocol=https;AccountName=7411storageaccount;AccountKey=UlfpkGx5gQRDqb7WQMEHuqDMt5wwyyVlTzbGhToGagVobFW85gZzUVNLHC5pJixa430ff+wbgOZE+AStntQr2A==;EndpointSuffix=core.windows.net",
            "primary_dfs_endpoint": "https://7411storageaccount.dfs.core.windows.net/",
            "primary_dfs_host": "7411storageaccount.dfs.core.windows.net",
            "primary_file_endpoint": "https://7411storageaccount.file.core.windows.net/",
            "primary_file_host": "7411storageaccount.file.core.windows.net",
            "primary_location": "australiaeast",
            "primary_queue_endpoint": "https://7411storageaccount.queue.core.windows.net/",
            "primary_queue_host": "7411storageaccount.queue.core.windows.net",
            "primary_table_endpoint": "https://7411storageaccount.table.core.windows.net/",
            "primary_table_host": "7411storageaccount.table.core.windows.net",
            "primary_web_endpoint": "https://7411storageaccount.z8.web.core.windows.net/",
            "primary_web_host": "7411storageaccount.z8.web.core.windows.net",
            "queue_encryption_key_type": "Service",
            "queue_properties": [
              {
                "cors_rule": [],
                "hour_metrics": [
                  {
                    "enabled": true,
                    "include_apis": true,
                    "retention_policy_days": 7,
                    "version": "1.0"
                  }
                ],
                "logging": [
                  {
                    "delete": false,
                    "read": false,
                    "retention_policy_days": 0,
                    "version": "1.0",
                    "write": false
                  }
                ],
                "minute_metrics": [
                  {
                    "enabled": false,
                    "include_apis": false,
                    "retention_policy_days": 0,
                    "version": "1.0"
                  }
                ]
              }
            ],
            "resource_group_name": "7411_assignment1_RG",
            "routing": [],
            "secondary_access_key": "tgtThNe5/mhXCgpFm6VDbBHTq5JNcOl3A9RXKGYJdFKKqaEoNnmVjfJa7s+NE1qHeIbWjxH99rYj+AStxuaV/A==",
            "secondary_blob_connection_string": "",
            "secondary_blob_endpoint": null,
            "secondary_blob_host": null,
            "secondary_connection_string": "DefaultEndpointsProtocol=https;AccountName=7411storageaccount;AccountKey=tgtThNe5/mhXCgpFm6VDbBHTq5JNcOl3A9RXKGYJdFKKqaEoNnmVjfJa7s+NE1qHeIbWjxH99rYj+AStxuaV/A==;EndpointSuffix=core.windows.net",
            "secondary_dfs_endpoint": null,
            "secondary_dfs_host": null,
            "secondary_file_endpoint": null,
            "secondary_file_host": null,
            "secondary_location": "",
            "secondary_queue_endpoint": null,
            "secondary_queue_host": null,
            "secondary_table_endpoint": null,
            "secondary_table_host": null,
            "secondary_web_endpoint": null,
            "secondary_web_host": null,
            "share_properties": [
              {
                "cors_rule": [],
                "retention_policy": [
                  {
                    "days": 7
                  }
                ],
                "smb": []
              }
            ],
            "shared_access_key_enabled": true,
            "static_website": [],
            "table_encryption_key_type": "Service",
            "tags": {
              "Environment": "Lab",
              "ExpirationDate": "2022-06-30",
              "Name": "Ann.Fernando",
              "Project": "Automation Project – Assignment 1"
            },
            "timeouts": null
          },
          "sensitive_attributes": [],
          "private": "eyJlMmJmYjczMC1lY2FhLTExZTYtOGY4OC0zNDM2M2JjN2M0YzAiOnsiY3JlYXRlIjozNjAwMDAwMDAwMDAwLCJkZWxldGUiOjM2MDAwMDAwMDAwMDAsInJlYWQiOjMwMDAwMDAwMDAwMCwidXBkYXRlIjozNjAwMDAwMDAwMDAwfSwic2NoZW1hX3ZlcnNpb24iOiIzIn0=",
          "dependencies": [
            "module.rgroup.azurerm_resource_group.rgroup"
          ]
        }
      ]
    },
    {
      "module": "module.common",
      "mode": "managed",
      "type": "azurerm_storage_blob",
      "name": "blob_storage",
      "provider": "provider[\"registry.terraform.io/hashicorp/azurerm\"]",
      "instances": [
        {
          "schema_version": 1,
          "attributes": {
            "access_tier": "Hot",
            "cache_control": "",
            "content_md5": "",
            "content_type": "application/octet-stream",
            "id": "https://7411storageaccount.blob.core.windows.net/7411blobcontainer/7411blobstorage",
            "metadata": {},
            "name": "7411blobstorage",
            "parallelism": 8,
            "size": 0,
            "source": null,
            "source_content": null,
            "source_uri": null,
            "storage_account_name": "7411storageaccount",
            "storage_container_name": "7411blobcontainer",
            "timeouts": null,
            "type": "Block",
            "url": "https://7411storageaccount.blob.core.windows.net/7411blobcontainer/7411blobstorage"
          },
          "sensitive_attributes": [],
          "private": "eyJlMmJmYjczMC1lY2FhLTExZTYtOGY4OC0zNDM2M2JjN2M0YzAiOnsiY3JlYXRlIjoxODAwMDAwMDAwMDAwLCJkZWxldGUiOjE4MDAwMDAwMDAwMDAsInJlYWQiOjMwMDAwMDAwMDAwMCwidXBkYXRlIjoxODAwMDAwMDAwMDAwfSwic2NoZW1hX3ZlcnNpb24iOiIxIn0=",
          "dependencies": [
            "module.common.azurerm_storage_account.storage_account",
            "module.common.azurerm_storage_container.storage_container",
            "module.rgroup.azurerm_resource_group.rgroup"
          ]
        }
      ]
    },
    {
      "module": "module.common",
      "mode": "managed",
      "type": "azurerm_storage_container",
      "name": "storage_container",
      "provider": "provider[\"registry.terraform.io/hashicorp/azurerm\"]",
      "instances": [
        {
          "schema_version": 1,
          "attributes": {
            "container_access_type": "private",
            "has_immutability_policy": false,
            "has_legal_hold": false,
            "id": "https://7411storageaccount.blob.core.windows.net/7411blobcontainer",
            "metadata": {},
            "name": "7411blobcontainer",
            "resource_manager_id": "/subscriptions/b8af47be-e371-411e-99cf-60e960a5d5ab/resourceGroups/7411_assignment1_RG/providers/Microsoft.Storage/storageAccounts/7411storageaccount/blobServices/default/containers/7411blobcontainer",
            "storage_account_name": "7411storageaccount",
            "timeouts": null
          },
          "sensitive_attributes": [],
          "private": "eyJlMmJmYjczMC1lY2FhLTExZTYtOGY4OC0zNDM2M2JjN2M0YzAiOnsiY3JlYXRlIjoxODAwMDAwMDAwMDAwLCJkZWxldGUiOjE4MDAwMDAwMDAwMDAsInJlYWQiOjMwMDAwMDAwMDAwMCwidXBkYXRlIjoxODAwMDAwMDAwMDAwfSwic2NoZW1hX3ZlcnNpb24iOiIxIn0=",
          "dependencies": [
            "module.common.azurerm_storage_account.storage_account",
            "module.rgroup.azurerm_resource_group.rgroup"
          ]
        }
      ]
    },
    {
      "module": "module.database",
      "mode": "managed",
      "type": "azurerm_postgresql_database",
      "name": "postgresdb",
      "provider": "provider[\"registry.terraform.io/hashicorp/azurerm\"]",
      "instances": [
        {
          "schema_version": 0,
          "attributes": {
            "charset": "UTF8",
            "collation": "English_United States.1252",
            "id": "/subscriptions/b8af47be-e371-411e-99cf-60e960a5d5ab/resourceGroups/7411_assignment1_RG/providers/Microsoft.DBforPostgreSQL/servers/postgserver/databases/postgres_db7411",
            "name": "postgres_db7411",
            "resource_group_name": "7411_assignment1_RG",
            "server_name": "postgserver",
            "timeouts": null
          },
          "sensitive_attributes": [],
          "private": "eyJlMmJmYjczMC1lY2FhLTExZTYtOGY4OC0zNDM2M2JjN2M0YzAiOnsiY3JlYXRlIjozNjAwMDAwMDAwMDAwLCJkZWxldGUiOjM2MDAwMDAwMDAwMDAsInJlYWQiOjMwMDAwMDAwMDAwMCwidXBkYXRlIjozNjAwMDAwMDAwMDAwfX0=",
          "dependencies": [
            "module.database.azurerm_postgresql_server.postgres_server",
            "module.rgroup.azurerm_resource_group.rgroup"
          ]
        }
      ]
    },
    {
      "module": "module.database",
      "mode": "managed",
      "type": "azurerm_postgresql_server",
      "name": "postgres_server",
      "provider": "provider[\"registry.terraform.io/hashicorp/azurerm\"]",
      "instances": [
        {
          "schema_version": 0,
          "attributes": {
            "administrator_login": "psqladmin",
            "administrator_login_password": "H@Sh1CoR3!",
            "auto_grow_enabled": true,
            "backup_retention_days": 7,
            "create_mode": "Default",
            "creation_source_server_id": null,
            "fqdn": "postgserver.postgres.database.azure.com",
            "geo_redundant_backup_enabled": false,
            "id": "/subscriptions/b8af47be-e371-411e-99cf-60e960a5d5ab/resourceGroups/7411_assignment1_RG/providers/Microsoft.DBforPostgreSQL/servers/postgserver",
            "identity": [],
            "infrastructure_encryption_enabled": false,
            "location": "australiaeast",
            "name": "postgserver",
            "public_network_access_enabled": true,
            "resource_group_name": "7411_assignment1_RG",
            "restore_point_in_time": null,
            "sku_name": "B_Gen5_2",
            "ssl_enforcement_enabled": true,
            "ssl_minimal_tls_version_enforced": "TLS1_2",
            "storage_mb": 5120,
            "tags": {
              "Environment": "Lab",
              "ExpirationDate": "2022-06-30",
              "Name": "Ann.Fernando",
              "Project": "Automation Project – Assignment 1"
            },
            "threat_detection_policy": [],
            "timeouts": null,
            "version": "11"
          },
          "sensitive_attributes": [],
          "private": "eyJlMmJmYjczMC1lY2FhLTExZTYtOGY4OC0zNDM2M2JjN2M0YzAiOnsiY3JlYXRlIjozNjAwMDAwMDAwMDAwLCJkZWxldGUiOjM2MDAwMDAwMDAwMDAsInJlYWQiOjMwMDAwMDAwMDAwMCwidXBkYXRlIjozNjAwMDAwMDAwMDAwfX0=",
          "dependencies": [
            "module.rgroup.azurerm_resource_group.rgroup"
          ]
        }
      ]
    },
    {
      "module": "module.datadisk",
      "mode": "managed",
      "type": "azurerm_managed_disk",
      "name": "datadisk",
      "provider": "provider[\"registry.terraform.io/hashicorp/azurerm\"]",
      "instances": [
        {
          "index_key": "vm1",
          "schema_version": 0,
          "attributes": {
            "create_option": "Empty",
            "disk_access_id": "",
            "disk_encryption_set_id": "",
            "disk_iops_read_only": 0,
            "disk_iops_read_write": 500,
            "disk_mbps_read_only": 0,
            "disk_mbps_read_write": 60,
            "disk_size_gb": 10,
            "edge_zone": "",
            "encryption_settings": [],
            "gallery_image_reference_id": "",
            "hyper_v_generation": "",
            "id": "/subscriptions/b8af47be-e371-411e-99cf-60e960a5d5ab/resourceGroups/7411_assignment1_RG/providers/Microsoft.Compute/disks/vm1-data-disk",
            "image_reference_id": "",
            "location": "australiaeast",
            "logical_sector_size": null,
            "max_shares": 0,
            "name": "vm1-data-disk",
            "network_access_policy": null,
            "on_demand_bursting_enabled": false,
            "os_type": "",
            "public_network_access_enabled": true,
            "resource_group_name": "7411_assignment1_RG",
            "secure_vm_disk_encryption_set_id": "",
            "security_type": "",
            "source_resource_id": "",
            "source_uri": "",
            "storage_account_id": "",
            "storage_account_type": "Standard_LRS",
            "tags": null,
            "tier": "",
            "timeouts": null,
            "trusted_launch_enabled": false,
            "zone": ""
          },
          "sensitive_attributes": [],
          "private": "eyJlMmJmYjczMC1lY2FhLTExZTYtOGY4OC0zNDM2M2JjN2M0YzAiOnsiY3JlYXRlIjoxODAwMDAwMDAwMDAwLCJkZWxldGUiOjE4MDAwMDAwMDAwMDAsInJlYWQiOjMwMDAwMDAwMDAwMCwidXBkYXRlIjoxODAwMDAwMDAwMDAwfX0=",
          "dependencies": [
            "module.common.azurerm_log_analytics_workspace.log_analytics_ws",
            "module.common.azurerm_recovery_services_vault.rec_service_vault",
            "module.common.azurerm_storage_account.storage_account",
            "module.common.azurerm_storage_blob.blob_storage",
            "module.common.azurerm_storage_container.storage_container",
            "module.network.azurerm_network_security_group.secgroup",
            "module.network.azurerm_subnet.subnet",
            "module.network.azurerm_subnet_network_security_group_association.sgassociation",
            "module.network.azurerm_virtual_network.vnet",
            "module.rgroup.azurerm_resource_group.rgroup",
            "module.vmlinux.azurerm_availability_set.avset",
            "module.vmlinux.azurerm_linux_virtual_machine.linux_vm",
            "module.vmlinux.azurerm_network_interface.linux_nic",
            "module.vmlinux.azurerm_public_ip.public_ip",
            "module.vmlinux.azurerm_virtual_machine_extension.watcher_extension",
            "module.vmlinux.null_resource.linux_provisioner",
            "module.vmwindows.azurerm_availability_set.avset",
            "module.vmwindows.azurerm_network_interface.windows_nic",
            "module.vmwindows.azurerm_public_ip.public_ip",
            "module.vmwindows.azurerm_virtual_machine_extension.avext",
            "module.vmwindows.azurerm_windows_virtual_machine.windows_vm"
          ]
        },
        {
          "index_key": "vm2",
          "schema_version": 0,
          "attributes": {
            "create_option": "Empty",
            "disk_access_id": "",
            "disk_encryption_set_id": "",
            "disk_iops_read_only": 0,
            "disk_iops_read_write": 500,
            "disk_mbps_read_only": 0,
            "disk_mbps_read_write": 60,
            "disk_size_gb": 10,
            "edge_zone": "",
            "encryption_settings": [],
            "gallery_image_reference_id": "",
            "hyper_v_generation": "",
            "id": "/subscriptions/b8af47be-e371-411e-99cf-60e960a5d5ab/resourceGroups/7411_assignment1_RG/providers/Microsoft.Compute/disks/vm2-data-disk",
            "image_reference_id": "",
            "location": "australiaeast",
            "logical_sector_size": null,
            "max_shares": 0,
            "name": "vm2-data-disk",
            "network_access_policy": null,
            "on_demand_bursting_enabled": false,
            "os_type": "",
            "public_network_access_enabled": true,
            "resource_group_name": "7411_assignment1_RG",
            "secure_vm_disk_encryption_set_id": "",
            "security_type": "",
            "source_resource_id": "",
            "source_uri": "",
            "storage_account_id": "",
            "storage_account_type": "Standard_LRS",
            "tags": null,
            "tier": "",
            "timeouts": null,
            "trusted_launch_enabled": false,
            "zone": ""
          },
          "sensitive_attributes": [],
          "private": "eyJlMmJmYjczMC1lY2FhLTExZTYtOGY4OC0zNDM2M2JjN2M0YzAiOnsiY3JlYXRlIjoxODAwMDAwMDAwMDAwLCJkZWxldGUiOjE4MDAwMDAwMDAwMDAsInJlYWQiOjMwMDAwMDAwMDAwMCwidXBkYXRlIjoxODAwMDAwMDAwMDAwfX0=",
          "dependencies": [
            "module.common.azurerm_log_analytics_workspace.log_analytics_ws",
            "module.common.azurerm_recovery_services_vault.rec_service_vault",
            "module.common.azurerm_storage_account.storage_account",
            "module.common.azurerm_storage_blob.blob_storage",
            "module.common.azurerm_storage_container.storage_container",
            "module.network.azurerm_network_security_group.secgroup",
            "module.network.azurerm_subnet.subnet",
            "module.network.azurerm_subnet_network_security_group_association.sgassociation",
            "module.network.azurerm_virtual_network.vnet",
            "module.rgroup.azurerm_resource_group.rgroup",
            "module.vmlinux.azurerm_availability_set.avset",
            "module.vmlinux.azurerm_linux_virtual_machine.linux_vm",
            "module.vmlinux.azurerm_network_interface.linux_nic",
            "module.vmlinux.azurerm_public_ip.public_ip",
            "module.vmlinux.azurerm_virtual_machine_extension.watcher_extension",
            "module.vmlinux.null_resource.linux_provisioner",
            "module.vmwindows.azurerm_availability_set.avset",
            "module.vmwindows.azurerm_network_interface.windows_nic",
            "module.vmwindows.azurerm_public_ip.public_ip",
            "module.vmwindows.azurerm_virtual_machine_extension.avext",
            "module.vmwindows.azurerm_windows_virtual_machine.windows_vm"
          ]
        },
        {
          "index_key": "vm3",
          "schema_version": 0,
          "attributes": {
            "create_option": "Empty",
            "disk_access_id": "",
            "disk_encryption_set_id": "",
            "disk_iops_read_only": 0,
            "disk_iops_read_write": 500,
            "disk_mbps_read_only": 0,
            "disk_mbps_read_write": 60,
            "disk_size_gb": 10,
            "edge_zone": "",
            "encryption_settings": [],
            "gallery_image_reference_id": "",
            "hyper_v_generation": "",
            "id": "/subscriptions/b8af47be-e371-411e-99cf-60e960a5d5ab/resourceGroups/7411_assignment1_RG/providers/Microsoft.Compute/disks/vm3-data-disk",
            "image_reference_id": "",
            "location": "australiaeast",
            "logical_sector_size": null,
            "max_shares": 0,
            "name": "vm3-data-disk",
            "network_access_policy": null,
            "on_demand_bursting_enabled": false,
            "os_type": "",
            "public_network_access_enabled": true,
            "resource_group_name": "7411_assignment1_RG",
            "secure_vm_disk_encryption_set_id": "",
            "security_type": "",
            "source_resource_id": "",
            "source_uri": "",
            "storage_account_id": "",
            "storage_account_type": "Standard_LRS",
            "tags": null,
            "tier": "",
            "timeouts": null,
            "trusted_launch_enabled": false,
            "zone": ""
          },
          "sensitive_attributes": [],
          "private": "eyJlMmJmYjczMC1lY2FhLTExZTYtOGY4OC0zNDM2M2JjN2M0YzAiOnsiY3JlYXRlIjoxODAwMDAwMDAwMDAwLCJkZWxldGUiOjE4MDAwMDAwMDAwMDAsInJlYWQiOjMwMDAwMDAwMDAwMCwidXBkYXRlIjoxODAwMDAwMDAwMDAwfX0=",
          "dependencies": [
            "module.common.azurerm_log_analytics_workspace.log_analytics_ws",
            "module.common.azurerm_recovery_services_vault.rec_service_vault",
            "module.common.azurerm_storage_account.storage_account",
            "module.common.azurerm_storage_blob.blob_storage",
            "module.common.azurerm_storage_container.storage_container",
            "module.network.azurerm_network_security_group.secgroup",
            "module.network.azurerm_subnet.subnet",
            "module.network.azurerm_subnet_network_security_group_association.sgassociation",
            "module.network.azurerm_virtual_network.vnet",
            "module.rgroup.azurerm_resource_group.rgroup",
            "module.vmlinux.azurerm_availability_set.avset",
            "module.vmlinux.azurerm_linux_virtual_machine.linux_vm",
            "module.vmlinux.azurerm_network_interface.linux_nic",
            "module.vmlinux.azurerm_public_ip.public_ip",
            "module.vmlinux.azurerm_virtual_machine_extension.watcher_extension",
            "module.vmlinux.null_resource.linux_provisioner",
            "module.vmwindows.azurerm_availability_set.avset",
            "module.vmwindows.azurerm_network_interface.windows_nic",
            "module.vmwindows.azurerm_public_ip.public_ip",
            "module.vmwindows.azurerm_virtual_machine_extension.avext",
            "module.vmwindows.azurerm_windows_virtual_machine.windows_vm"
          ]
        }
      ]
    },
    {
      "module": "module.datadisk",
      "mode": "managed",
      "type": "azurerm_virtual_machine_data_disk_attachment",
      "name": "attachdisk",
      "provider": "provider[\"registry.terraform.io/hashicorp/azurerm\"]",
      "instances": [
        {
          "index_key": "vm1",
          "schema_version": 0,
          "attributes": {
            "caching": "ReadWrite",
            "create_option": "Attach",
            "id": "/subscriptions/b8af47be-e371-411e-99cf-60e960a5d5ab/resourceGroups/7411_assignment1_RG/providers/Microsoft.Compute/virtualMachines/linux-vm74111/dataDisks/vm1-data-disk",
            "lun": 10,
            "managed_disk_id": "/subscriptions/b8af47be-e371-411e-99cf-60e960a5d5ab/resourceGroups/7411_assignment1_RG/providers/Microsoft.Compute/disks/vm1-data-disk",
            "timeouts": null,
            "virtual_machine_id": "/subscriptions/b8af47be-e371-411e-99cf-60e960a5d5ab/resourceGroups/7411_assignment1_RG/providers/Microsoft.Compute/virtualMachines/linux-vm74111",
            "write_accelerator_enabled": false
          },
          "sensitive_attributes": [],
          "private": "eyJlMmJmYjczMC1lY2FhLTExZTYtOGY4OC0zNDM2M2JjN2M0YzAiOnsiY3JlYXRlIjoxODAwMDAwMDAwMDAwLCJkZWxldGUiOjE4MDAwMDAwMDAwMDAsInJlYWQiOjMwMDAwMDAwMDAwMCwidXBkYXRlIjoxODAwMDAwMDAwMDAwfX0=",
          "dependencies": [
            "module.common.azurerm_log_analytics_workspace.log_analytics_ws",
            "module.common.azurerm_recovery_services_vault.rec_service_vault",
            "module.common.azurerm_storage_account.storage_account",
            "module.common.azurerm_storage_blob.blob_storage",
            "module.common.azurerm_storage_container.storage_container",
            "module.datadisk.azurerm_managed_disk.datadisk",
            "module.network.azurerm_network_security_group.secgroup",
            "module.network.azurerm_subnet.subnet",
            "module.network.azurerm_subnet_network_security_group_association.sgassociation",
            "module.network.azurerm_virtual_network.vnet",
            "module.rgroup.azurerm_resource_group.rgroup",
            "module.vmlinux.azurerm_availability_set.avset",
            "module.vmlinux.azurerm_linux_virtual_machine.linux_vm",
            "module.vmlinux.azurerm_network_interface.linux_nic",
            "module.vmlinux.azurerm_public_ip.public_ip",
            "module.vmlinux.azurerm_virtual_machine_extension.watcher_extension",
            "module.vmlinux.null_resource.linux_provisioner",
            "module.vmwindows.azurerm_availability_set.avset",
            "module.vmwindows.azurerm_network_interface.windows_nic",
            "module.vmwindows.azurerm_public_ip.public_ip",
            "module.vmwindows.azurerm_virtual_machine_extension.avext",
            "module.vmwindows.azurerm_windows_virtual_machine.windows_vm"
          ]
        },
        {
          "index_key": "vm2",
          "schema_version": 0,
          "attributes": {
            "caching": "ReadWrite",
            "create_option": "Attach",
            "id": "/subscriptions/b8af47be-e371-411e-99cf-60e960a5d5ab/resourceGroups/7411_assignment1_RG/providers/Microsoft.Compute/virtualMachines/linux-vm74112/dataDisks/vm2-data-disk",
            "lun": 10,
            "managed_disk_id": "/subscriptions/b8af47be-e371-411e-99cf-60e960a5d5ab/resourceGroups/7411_assignment1_RG/providers/Microsoft.Compute/disks/vm2-data-disk",
            "timeouts": null,
            "virtual_machine_id": "/subscriptions/b8af47be-e371-411e-99cf-60e960a5d5ab/resourceGroups/7411_assignment1_RG/providers/Microsoft.Compute/virtualMachines/linux-vm74112",
            "write_accelerator_enabled": false
          },
          "sensitive_attributes": [],
          "private": "eyJlMmJmYjczMC1lY2FhLTExZTYtOGY4OC0zNDM2M2JjN2M0YzAiOnsiY3JlYXRlIjoxODAwMDAwMDAwMDAwLCJkZWxldGUiOjE4MDAwMDAwMDAwMDAsInJlYWQiOjMwMDAwMDAwMDAwMCwidXBkYXRlIjoxODAwMDAwMDAwMDAwfX0=",
          "dependencies": [
            "module.common.azurerm_log_analytics_workspace.log_analytics_ws",
            "module.common.azurerm_recovery_services_vault.rec_service_vault",
            "module.common.azurerm_storage_account.storage_account",
            "module.common.azurerm_storage_blob.blob_storage",
            "module.common.azurerm_storage_container.storage_container",
            "module.datadisk.azurerm_managed_disk.datadisk",
            "module.network.azurerm_network_security_group.secgroup",
            "module.network.azurerm_subnet.subnet",
            "module.network.azurerm_subnet_network_security_group_association.sgassociation",
            "module.network.azurerm_virtual_network.vnet",
            "module.rgroup.azurerm_resource_group.rgroup",
            "module.vmlinux.azurerm_availability_set.avset",
            "module.vmlinux.azurerm_linux_virtual_machine.linux_vm",
            "module.vmlinux.azurerm_network_interface.linux_nic",
            "module.vmlinux.azurerm_public_ip.public_ip",
            "module.vmlinux.azurerm_virtual_machine_extension.watcher_extension",
            "module.vmlinux.null_resource.linux_provisioner",
            "module.vmwindows.azurerm_availability_set.avset",
            "module.vmwindows.azurerm_network_interface.windows_nic",
            "module.vmwindows.azurerm_public_ip.public_ip",
            "module.vmwindows.azurerm_virtual_machine_extension.avext",
            "module.vmwindows.azurerm_windows_virtual_machine.windows_vm"
          ]
        },
        {
          "index_key": "vm3",
          "schema_version": 0,
          "attributes": {
            "caching": "ReadWrite",
            "create_option": "Attach",
            "id": "/subscriptions/b8af47be-e371-411e-99cf-60e960a5d5ab/resourceGroups/7411_assignment1_RG/providers/Microsoft.Compute/virtualMachines/w-vm-7411/dataDisks/vm3-data-disk",
            "lun": 10,
            "managed_disk_id": "/subscriptions/b8af47be-e371-411e-99cf-60e960a5d5ab/resourceGroups/7411_assignment1_RG/providers/Microsoft.Compute/disks/vm3-data-disk",
            "timeouts": null,
            "virtual_machine_id": "/subscriptions/b8af47be-e371-411e-99cf-60e960a5d5ab/resourceGroups/7411_assignment1_RG/providers/Microsoft.Compute/virtualMachines/w-vm-7411",
            "write_accelerator_enabled": false
          },
          "sensitive_attributes": [],
          "private": "eyJlMmJmYjczMC1lY2FhLTExZTYtOGY4OC0zNDM2M2JjN2M0YzAiOnsiY3JlYXRlIjoxODAwMDAwMDAwMDAwLCJkZWxldGUiOjE4MDAwMDAwMDAwMDAsInJlYWQiOjMwMDAwMDAwMDAwMCwidXBkYXRlIjoxODAwMDAwMDAwMDAwfX0=",
          "dependencies": [
            "module.common.azurerm_log_analytics_workspace.log_analytics_ws",
            "module.common.azurerm_recovery_services_vault.rec_service_vault",
            "module.common.azurerm_storage_account.storage_account",
            "module.common.azurerm_storage_blob.blob_storage",
            "module.common.azurerm_storage_container.storage_container",
            "module.datadisk.azurerm_managed_disk.datadisk",
            "module.network.azurerm_network_security_group.secgroup",
            "module.network.azurerm_subnet.subnet",
            "module.network.azurerm_subnet_network_security_group_association.sgassociation",
            "module.network.azurerm_virtual_network.vnet",
            "module.rgroup.azurerm_resource_group.rgroup",
            "module.vmlinux.azurerm_availability_set.avset",
            "module.vmlinux.azurerm_linux_virtual_machine.linux_vm",
            "module.vmlinux.azurerm_network_interface.linux_nic",
            "module.vmlinux.azurerm_public_ip.public_ip",
            "module.vmlinux.azurerm_virtual_machine_extension.watcher_extension",
            "module.vmlinux.null_resource.linux_provisioner",
            "module.vmwindows.azurerm_availability_set.avset",
            "module.vmwindows.azurerm_network_interface.windows_nic",
            "module.vmwindows.azurerm_public_ip.public_ip",
            "module.vmwindows.azurerm_virtual_machine_extension.avext",
            "module.vmwindows.azurerm_windows_virtual_machine.windows_vm"
          ]
        }
      ]
    },
    {
      "module": "module.loadbalancer",
      "mode": "managed",
      "type": "azurerm_lb",
      "name": "load_balancer",
      "provider": "provider[\"registry.terraform.io/hashicorp/azurerm\"]",
      "instances": [
        {
          "schema_version": 0,
          "attributes": {
            "edge_zone": "",
            "frontend_ip_configuration": [
              {
                "gateway_load_balancer_frontend_ip_configuration_id": "",
                "id": "/subscriptions/b8af47be-e371-411e-99cf-60e960a5d5ab/resourceGroups/7411_assignment1_RG/providers/Microsoft.Network/loadBalancers/load-balancer-7411/frontendIPConfigurations/PublicIPAddress",
                "inbound_nat_rules": [],
                "load_balancer_rules": [],
                "name": "PublicIPAddress",
                "outbound_rules": [],
                "private_ip_address": "10.0.1.7",
                "private_ip_address_allocation": "Dynamic",
                "private_ip_address_version": "IPv4",
                "public_ip_address_id": "",
                "public_ip_prefix_id": "",
                "subnet_id": "/subscriptions/b8af47be-e371-411e-99cf-60e960a5d5ab/resourceGroups/7411_assignment1_RG/providers/Microsoft.Network/virtualNetworks/vnet7411/subnets/subnet",
                "zones": null
              }
            ],
            "id": "/subscriptions/b8af47be-e371-411e-99cf-60e960a5d5ab/resourceGroups/7411_assignment1_RG/providers/Microsoft.Network/loadBalancers/load-balancer-7411",
            "location": "australiaeast",
            "name": "load-balancer-7411",
            "private_ip_address": "10.0.1.7",
            "private_ip_addresses": [
              "10.0.1.7"
            ],
            "resource_group_name": "7411_assignment1_RG",
            "sku": "Basic",
            "sku_tier": "Regional",
            "tags": {
              "Environment": "Lab",
              "ExpirationDate": "2022-06-30",
              "Name": "Ann.Fernando",
              "Project": "Automation Project – Assignment 1"
            },
            "timeouts": null
          },
          "sensitive_attributes": [],
          "private": "eyJlMmJmYjczMC1lY2FhLTExZTYtOGY4OC0zNDM2M2JjN2M0YzAiOnsiY3JlYXRlIjoxODAwMDAwMDAwMDAwLCJkZWxldGUiOjE4MDAwMDAwMDAwMDAsInJlYWQiOjMwMDAwMDAwMDAwMCwidXBkYXRlIjoxODAwMDAwMDAwMDAwfX0=",
          "dependencies": [
            "module.common.azurerm_log_analytics_workspace.log_analytics_ws",
            "module.common.azurerm_recovery_services_vault.rec_service_vault",
            "module.common.azurerm_storage_account.storage_account",
            "module.common.azurerm_storage_blob.blob_storage",
            "module.common.azurerm_storage_container.storage_container",
            "module.network.azurerm_network_security_group.secgroup",
            "module.network.azurerm_subnet.subnet",
            "module.network.azurerm_subnet_network_security_group_association.sgassociation",
            "module.network.azurerm_virtual_network.vnet",
            "module.rgroup.azurerm_resource_group.rgroup",
            "module.vmlinux.azurerm_availability_set.avset",
            "module.vmlinux.azurerm_linux_virtual_machine.linux_vm",
            "module.vmlinux.azurerm_network_interface.linux_nic",
            "module.vmlinux.azurerm_public_ip.public_ip",
            "module.vmlinux.azurerm_virtual_machine_extension.watcher_extension",
            "module.vmlinux.null_resource.linux_provisioner"
          ]
        }
      ]
    },
    {
      "module": "module.loadbalancer",
      "mode": "managed",
      "type": "azurerm_lb_nat_rule",
      "name": "nat_rule1",
      "provider": "provider[\"registry.terraform.io/hashicorp/azurerm\"]",
      "instances": [
        {
          "schema_version": 0,
          "attributes": {
            "backend_ip_configuration_id": "",
            "backend_port": 4550,
            "enable_floating_ip": false,
            "enable_tcp_reset": false,
            "frontend_ip_configuration_id": "/subscriptions/b8af47be-e371-411e-99cf-60e960a5d5ab/resourceGroups/7411_assignment1_RG/providers/Microsoft.Network/loadBalancers/load-balancer-7411/frontendIPConfigurations/PublicIPAddress",
            "frontend_ip_configuration_name": "PublicIPAddress",
            "frontend_port": 4550,
            "id": "/subscriptions/b8af47be-e371-411e-99cf-60e960a5d5ab/resourceGroups/7411_assignment1_RG/providers/Microsoft.Network/loadBalancers/load-balancer-7411/inboundNatRules/http1",
            "idle_timeout_in_minutes": 4,
            "loadbalancer_id": "/subscriptions/b8af47be-e371-411e-99cf-60e960a5d5ab/resourceGroups/7411_assignment1_RG/providers/Microsoft.Network/loadBalancers/load-balancer-7411",
            "name": "http1",
            "protocol": "Tcp",
            "resource_group_name": "7411_assignment1_RG",
            "timeouts": null
          },
          "sensitive_attributes": [],
          "private": "eyJlMmJmYjczMC1lY2FhLTExZTYtOGY4OC0zNDM2M2JjN2M0YzAiOnsiY3JlYXRlIjoxODAwMDAwMDAwMDAwLCJkZWxldGUiOjE4MDAwMDAwMDAwMDAsInJlYWQiOjMwMDAwMDAwMDAwMCwidXBkYXRlIjoxODAwMDAwMDAwMDAwfX0=",
          "dependencies": [
            "module.common.azurerm_log_analytics_workspace.log_analytics_ws",
            "module.common.azurerm_recovery_services_vault.rec_service_vault",
            "module.common.azurerm_storage_account.storage_account",
            "module.common.azurerm_storage_blob.blob_storage",
            "module.common.azurerm_storage_container.storage_container",
            "module.loadbalancer.azurerm_lb.load_balancer",
            "module.network.azurerm_network_security_group.secgroup",
            "module.network.azurerm_subnet.subnet",
            "module.network.azurerm_subnet_network_security_group_association.sgassociation",
            "module.network.azurerm_virtual_network.vnet",
            "module.rgroup.azurerm_resource_group.rgroup",
            "module.vmlinux.azurerm_availability_set.avset",
            "module.vmlinux.azurerm_linux_virtual_machine.linux_vm",
            "module.vmlinux.azurerm_network_interface.linux_nic",
            "module.vmlinux.azurerm_public_ip.public_ip",
            "module.vmlinux.azurerm_virtual_machine_extension.watcher_extension",
            "module.vmlinux.null_resource.linux_provisioner"
          ]
        }
      ]
    },
    {
      "module": "module.loadbalancer",
      "mode": "managed",
      "type": "azurerm_lb_nat_rule",
      "name": "nat_rule2",
      "provider": "provider[\"registry.terraform.io/hashicorp/azurerm\"]",
      "instances": [
        {
          "schema_version": 0,
          "attributes": {
            "backend_ip_configuration_id": "",
            "backend_port": 3389,
            "enable_floating_ip": false,
            "enable_tcp_reset": false,
            "frontend_ip_configuration_id": "/subscriptions/b8af47be-e371-411e-99cf-60e960a5d5ab/resourceGroups/7411_assignment1_RG/providers/Microsoft.Network/loadBalancers/load-balancer-7411/frontendIPConfigurations/PublicIPAddress",
            "frontend_ip_configuration_name": "PublicIPAddress",
            "frontend_port": 3389,
            "id": "/subscriptions/b8af47be-e371-411e-99cf-60e960a5d5ab/resourceGroups/7411_assignment1_RG/providers/Microsoft.Network/loadBalancers/load-balancer-7411/inboundNatRules/http2",
            "idle_timeout_in_minutes": 4,
            "loadbalancer_id": "/subscriptions/b8af47be-e371-411e-99cf-60e960a5d5ab/resourceGroups/7411_assignment1_RG/providers/Microsoft.Network/loadBalancers/load-balancer-7411",
            "name": "http2",
            "protocol": "Tcp",
            "resource_group_name": "7411_assignment1_RG",
            "timeouts": null
          },
          "sensitive_attributes": [],
          "private": "eyJlMmJmYjczMC1lY2FhLTExZTYtOGY4OC0zNDM2M2JjN2M0YzAiOnsiY3JlYXRlIjoxODAwMDAwMDAwMDAwLCJkZWxldGUiOjE4MDAwMDAwMDAwMDAsInJlYWQiOjMwMDAwMDAwMDAwMCwidXBkYXRlIjoxODAwMDAwMDAwMDAwfX0=",
          "dependencies": [
            "module.common.azurerm_log_analytics_workspace.log_analytics_ws",
            "module.common.azurerm_recovery_services_vault.rec_service_vault",
            "module.common.azurerm_storage_account.storage_account",
            "module.common.azurerm_storage_blob.blob_storage",
            "module.common.azurerm_storage_container.storage_container",
            "module.loadbalancer.azurerm_lb.load_balancer",
            "module.network.azurerm_network_security_group.secgroup",
            "module.network.azurerm_subnet.subnet",
            "module.network.azurerm_subnet_network_security_group_association.sgassociation",
            "module.network.azurerm_virtual_network.vnet",
            "module.rgroup.azurerm_resource_group.rgroup",
            "module.vmlinux.azurerm_availability_set.avset",
            "module.vmlinux.azurerm_linux_virtual_machine.linux_vm",
            "module.vmlinux.azurerm_network_interface.linux_nic",
            "module.vmlinux.azurerm_public_ip.public_ip",
            "module.vmlinux.azurerm_virtual_machine_extension.watcher_extension",
            "module.vmlinux.null_resource.linux_provisioner"
          ]
        }
      ]
    },
    {
      "module": "module.loadbalancer",
      "mode": "managed",
      "type": "azurerm_network_interface_nat_rule_association",
      "name": "rule_association1",
      "provider": "provider[\"registry.terraform.io/hashicorp/azurerm\"]",
      "instances": [
        {
          "schema_version": 0,
          "attributes": {
            "id": "/subscriptions/b8af47be-e371-411e-99cf-60e960a5d5ab/resourceGroups/7411_assignment1_RG/providers/Microsoft.Network/networkInterfaces/linux-vm7411-nic-1/ipConfigurations/internal-1|/subscriptions/b8af47be-e371-411e-99cf-60e960a5d5ab/resourceGroups/7411_assignment1_RG/providers/Microsoft.Network/loadBalancers/load-balancer-7411/inboundNatRules/http1",
            "ip_configuration_name": "internal-1",
            "nat_rule_id": "/subscriptions/b8af47be-e371-411e-99cf-60e960a5d5ab/resourceGroups/7411_assignment1_RG/providers/Microsoft.Network/loadBalancers/load-balancer-7411/inboundNatRules/http1",
            "network_interface_id": "/subscriptions/b8af47be-e371-411e-99cf-60e960a5d5ab/resourceGroups/7411_assignment1_RG/providers/Microsoft.Network/networkInterfaces/linux-vm7411-nic-1",
            "timeouts": null
          },
          "sensitive_attributes": [],
          "private": "eyJlMmJmYjczMC1lY2FhLTExZTYtOGY4OC0zNDM2M2JjN2M0YzAiOnsiY3JlYXRlIjoxODAwMDAwMDAwMDAwLCJkZWxldGUiOjE4MDAwMDAwMDAwMDAsInJlYWQiOjMwMDAwMDAwMDAwMCwidXBkYXRlIjoxODAwMDAwMDAwMDAwfX0=",
          "dependencies": [
            "module.common.azurerm_log_analytics_workspace.log_analytics_ws",
            "module.common.azurerm_recovery_services_vault.rec_service_vault",
            "module.common.azurerm_storage_account.storage_account",
            "module.common.azurerm_storage_blob.blob_storage",
            "module.common.azurerm_storage_container.storage_container",
            "module.loadbalancer.azurerm_lb.load_balancer",
            "module.loadbalancer.azurerm_lb_nat_rule.nat_rule1",
            "module.network.azurerm_network_security_group.secgroup",
            "module.network.azurerm_subnet.subnet",
            "module.network.azurerm_subnet_network_security_group_association.sgassociation",
            "module.network.azurerm_virtual_network.vnet",
            "module.rgroup.azurerm_resource_group.rgroup",
            "module.vmlinux.azurerm_availability_set.avset",
            "module.vmlinux.azurerm_linux_virtual_machine.linux_vm",
            "module.vmlinux.azurerm_network_interface.linux_nic",
            "module.vmlinux.azurerm_public_ip.public_ip",
            "module.vmlinux.azurerm_virtual_machine_extension.watcher_extension",
            "module.vmlinux.null_resource.linux_provisioner"
          ]
        }
      ]
    },
    {
      "module": "module.loadbalancer",
      "mode": "managed",
      "type": "azurerm_network_interface_nat_rule_association",
      "name": "rule_association2",
      "provider": "provider[\"registry.terraform.io/hashicorp/azurerm\"]",
      "instances": [
        {
          "schema_version": 0,
          "attributes": {
            "id": "/subscriptions/b8af47be-e371-411e-99cf-60e960a5d5ab/resourceGroups/7411_assignment1_RG/providers/Microsoft.Network/networkInterfaces/linux-vm7411-nic-2/ipConfigurations/internal-2|/subscriptions/b8af47be-e371-411e-99cf-60e960a5d5ab/resourceGroups/7411_assignment1_RG/providers/Microsoft.Network/loadBalancers/load-balancer-7411/inboundNatRules/http2",
            "ip_configuration_name": "internal-2",
            "nat_rule_id": "/subscriptions/b8af47be-e371-411e-99cf-60e960a5d5ab/resourceGroups/7411_assignment1_RG/providers/Microsoft.Network/loadBalancers/load-balancer-7411/inboundNatRules/http2",
            "network_interface_id": "/subscriptions/b8af47be-e371-411e-99cf-60e960a5d5ab/resourceGroups/7411_assignment1_RG/providers/Microsoft.Network/networkInterfaces/linux-vm7411-nic-2",
            "timeouts": null
          },
          "sensitive_attributes": [],
          "private": "eyJlMmJmYjczMC1lY2FhLTExZTYtOGY4OC0zNDM2M2JjN2M0YzAiOnsiY3JlYXRlIjoxODAwMDAwMDAwMDAwLCJkZWxldGUiOjE4MDAwMDAwMDAwMDAsInJlYWQiOjMwMDAwMDAwMDAwMCwidXBkYXRlIjoxODAwMDAwMDAwMDAwfX0=",
          "dependencies": [
            "module.common.azurerm_log_analytics_workspace.log_analytics_ws",
            "module.common.azurerm_recovery_services_vault.rec_service_vault",
            "module.common.azurerm_storage_account.storage_account",
            "module.common.azurerm_storage_blob.blob_storage",
            "module.common.azurerm_storage_container.storage_container",
            "module.loadbalancer.azurerm_lb.load_balancer",
            "module.loadbalancer.azurerm_lb_nat_rule.nat_rule2",
            "module.network.azurerm_network_security_group.secgroup",
            "module.network.azurerm_subnet.subnet",
            "module.network.azurerm_subnet_network_security_group_association.sgassociation",
            "module.network.azurerm_virtual_network.vnet",
            "module.rgroup.azurerm_resource_group.rgroup",
            "module.vmlinux.azurerm_availability_set.avset",
            "module.vmlinux.azurerm_linux_virtual_machine.linux_vm",
            "module.vmlinux.azurerm_network_interface.linux_nic",
            "module.vmlinux.azurerm_public_ip.public_ip",
            "module.vmlinux.azurerm_virtual_machine_extension.watcher_extension",
            "module.vmlinux.null_resource.linux_provisioner"
          ]
        }
      ]
    },
    {
      "module": "module.network",
      "mode": "managed",
      "type": "azurerm_network_security_group",
      "name": "secgroup",
      "provider": "provider[\"registry.terraform.io/hashicorp/azurerm\"]",
      "instances": [
        {
          "schema_version": 0,
          "attributes": {
            "id": "/subscriptions/b8af47be-e371-411e-99cf-60e960a5d5ab/resourceGroups/7411_assignment1_RG/providers/Microsoft.Network/networkSecurityGroups/secgroup",
            "location": "australiaeast",
            "name": "secgroup",
            "resource_group_name": "7411_assignment1_RG",
            "security_rule": [
              {
                "access": "Allow",
                "description": "",
                "destination_address_prefix": "*",
                "destination_address_prefixes": [],
                "destination_application_security_group_ids": [],
                "destination_port_range": "22",
                "destination_port_ranges": [],
                "direction": "Inbound",
                "name": "rule1",
                "priority": 100,
                "protocol": "Tcp",
                "source_address_prefix": "*",
                "source_address_prefixes": [],
                "source_application_security_group_ids": [],
                "source_port_range": "*",
                "source_port_ranges": []
              }
            ],
            "tags": {
              "Environment": "Lab",
              "ExpirationDate": "2022-06-30",
              "Name": "Ann.Fernando",
              "Project": "Automation Project – Assignment 1"
            },
            "timeouts": null
          },
          "sensitive_attributes": [],
          "private": "eyJlMmJmYjczMC1lY2FhLTExZTYtOGY4OC0zNDM2M2JjN2M0YzAiOnsiY3JlYXRlIjoxODAwMDAwMDAwMDAwLCJkZWxldGUiOjE4MDAwMDAwMDAwMDAsInJlYWQiOjMwMDAwMDAwMDAwMCwidXBkYXRlIjoxODAwMDAwMDAwMDAwfX0=",
          "dependencies": [
            "module.network.azurerm_virtual_network.vnet",
            "module.rgroup.azurerm_resource_group.rgroup"
          ]
        }
      ]
    },
    {
      "module": "module.network",
      "mode": "managed",
      "type": "azurerm_subnet",
      "name": "subnet",
      "provider": "provider[\"registry.terraform.io/hashicorp/azurerm\"]",
      "instances": [
        {
          "schema_version": 0,
          "attributes": {
            "address_prefixes": [
              "10.0.1.0/24"
            ],
            "delegation": [],
            "enforce_private_link_endpoint_network_policies": false,
            "enforce_private_link_service_network_policies": false,
            "id": "/subscriptions/b8af47be-e371-411e-99cf-60e960a5d5ab/resourceGroups/7411_assignment1_RG/providers/Microsoft.Network/virtualNetworks/vnet7411/subnets/subnet",
            "name": "subnet",
            "resource_group_name": "7411_assignment1_RG",
            "service_endpoint_policy_ids": null,
            "service_endpoints": null,
            "timeouts": null,
            "virtual_network_name": "vnet7411"
          },
          "sensitive_attributes": [],
          "private": "eyJlMmJmYjczMC1lY2FhLTExZTYtOGY4OC0zNDM2M2JjN2M0YzAiOnsiY3JlYXRlIjoxODAwMDAwMDAwMDAwLCJkZWxldGUiOjE4MDAwMDAwMDAwMDAsInJlYWQiOjMwMDAwMDAwMDAwMCwidXBkYXRlIjoxODAwMDAwMDAwMDAwfX0=",
          "dependencies": [
            "module.network.azurerm_virtual_network.vnet",
            "module.rgroup.azurerm_resource_group.rgroup"
          ]
        }
      ]
    },
    {
      "module": "module.network",
      "mode": "managed",
      "type": "azurerm_subnet_network_security_group_association",
      "name": "sgassociation",
      "provider": "provider[\"registry.terraform.io/hashicorp/azurerm\"]",
      "instances": [
        {
          "schema_version": 0,
          "attributes": {
            "id": "/subscriptions/b8af47be-e371-411e-99cf-60e960a5d5ab/resourceGroups/7411_assignment1_RG/providers/Microsoft.Network/virtualNetworks/vnet7411/subnets/subnet",
            "network_security_group_id": "/subscriptions/b8af47be-e371-411e-99cf-60e960a5d5ab/resourceGroups/7411_assignment1_RG/providers/Microsoft.Network/networkSecurityGroups/secgroup",
            "subnet_id": "/subscriptions/b8af47be-e371-411e-99cf-60e960a5d5ab/resourceGroups/7411_assignment1_RG/providers/Microsoft.Network/virtualNetworks/vnet7411/subnets/subnet",
            "timeouts": null
          },
          "sensitive_attributes": [],
          "private": "eyJlMmJmYjczMC1lY2FhLTExZTYtOGY4OC0zNDM2M2JjN2M0YzAiOnsiY3JlYXRlIjoxODAwMDAwMDAwMDAwLCJkZWxldGUiOjE4MDAwMDAwMDAwMDAsInJlYWQiOjMwMDAwMDAwMDAwMCwidXBkYXRlIjoxODAwMDAwMDAwMDAwfX0=",
          "dependencies": [
            "module.network.azurerm_network_security_group.secgroup",
            "module.network.azurerm_subnet.subnet",
            "module.network.azurerm_virtual_network.vnet",
            "module.rgroup.azurerm_resource_group.rgroup"
          ]
        }
      ]
    },
    {
      "module": "module.network",
      "mode": "managed",
      "type": "azurerm_virtual_network",
      "name": "vnet",
      "provider": "provider[\"registry.terraform.io/hashicorp/azurerm\"]",
      "instances": [
        {
          "schema_version": 0,
          "attributes": {
            "address_space": [
              "10.0.0.0/16"
            ],
            "bgp_community": "",
            "ddos_protection_plan": [],
            "dns_servers": [],
            "edge_zone": "",
            "flow_timeout_in_minutes": 0,
            "guid": "ffe80a32-837a-4ccf-853a-fa37c1f3d145",
            "id": "/subscriptions/b8af47be-e371-411e-99cf-60e960a5d5ab/resourceGroups/7411_assignment1_RG/providers/Microsoft.Network/virtualNetworks/vnet7411",
            "location": "australiaeast",
            "name": "vnet7411",
            "resource_group_name": "7411_assignment1_RG",
            "subnet": [],
            "tags": {
              "Environment": "Lab",
              "ExpirationDate": "2022-06-30",
              "Name": "Ann.Fernando",
              "Project": "Automation Project – Assignment 1"
            },
            "timeouts": null
          },
          "sensitive_attributes": [],
          "private": "eyJlMmJmYjczMC1lY2FhLTExZTYtOGY4OC0zNDM2M2JjN2M0YzAiOnsiY3JlYXRlIjoxODAwMDAwMDAwMDAwLCJkZWxldGUiOjE4MDAwMDAwMDAwMDAsInJlYWQiOjMwMDAwMDAwMDAwMCwidXBkYXRlIjoxODAwMDAwMDAwMDAwfX0=",
          "dependencies": [
            "module.rgroup.azurerm_resource_group.rgroup"
          ]
        }
      ]
    },
    {
      "module": "module.rgroup",
      "mode": "managed",
      "type": "azurerm_resource_group",
      "name": "rgroup",
      "provider": "provider[\"registry.terraform.io/hashicorp/azurerm\"]",
      "instances": [
        {
          "schema_version": 0,
          "attributes": {
            "id": "/subscriptions/b8af47be-e371-411e-99cf-60e960a5d5ab/resourceGroups/7411_assignment1_RG",
            "location": "australiaeast",
            "name": "7411_assignment1_RG",
            "tags": {
              "Environment": "Lab",
              "ExpirationDate": "2022-06-30",
              "Name": "Ann.Fernando",
              "Project": "Automation Project – Assignment 1"
            },
            "timeouts": null
          },
          "sensitive_attributes": [],
          "private": "eyJlMmJmYjczMC1lY2FhLTExZTYtOGY4OC0zNDM2M2JjN2M0YzAiOnsiY3JlYXRlIjo1NDAwMDAwMDAwMDAwLCJkZWxldGUiOjU0MDAwMDAwMDAwMDAsInJlYWQiOjMwMDAwMDAwMDAwMCwidXBkYXRlIjo1NDAwMDAwMDAwMDAwfX0="
        }
      ]
    },
    {
      "module": "module.vmlinux",
      "mode": "managed",
      "type": "azurerm_availability_set",
      "name": "avset",
      "provider": "provider[\"registry.terraform.io/hashicorp/azurerm\"]",
      "instances": [
        {
          "schema_version": 0,
          "attributes": {
            "id": "/subscriptions/b8af47be-e371-411e-99cf-60e960a5d5ab/resourceGroups/7411_assignment1_RG/providers/Microsoft.Compute/availabilitySets/linux-avs7411",
            "location": "australiaeast",
            "managed": true,
            "name": "linux-avs7411",
            "platform_fault_domain_count": 2,
            "platform_update_domain_count": 5,
            "proximity_placement_group_id": null,
            "resource_group_name": "7411_assignment1_RG",
            "tags": null,
            "timeouts": null
          },
          "sensitive_attributes": [],
          "private": "eyJlMmJmYjczMC1lY2FhLTExZTYtOGY4OC0zNDM2M2JjN2M0YzAiOnsiY3JlYXRlIjoxODAwMDAwMDAwMDAwLCJkZWxldGUiOjE4MDAwMDAwMDAwMDAsInJlYWQiOjMwMDAwMDAwMDAwMCwidXBkYXRlIjoxODAwMDAwMDAwMDAwfX0=",
          "dependencies": [
            "module.common.azurerm_log_analytics_workspace.log_analytics_ws",
            "module.common.azurerm_recovery_services_vault.rec_service_vault",
            "module.common.azurerm_storage_account.storage_account",
            "module.common.azurerm_storage_blob.blob_storage",
            "module.common.azurerm_storage_container.storage_container",
            "module.network.azurerm_network_security_group.secgroup",
            "module.network.azurerm_subnet.subnet",
            "module.network.azurerm_subnet_network_security_group_association.sgassociation",
            "module.network.azurerm_virtual_network.vnet",
            "module.rgroup.azurerm_resource_group.rgroup"
          ]
        }
      ]
    },
    {
      "module": "module.vmlinux",
      "mode": "managed",
      "type": "azurerm_linux_virtual_machine",
      "name": "linux_vm",
      "provider": "provider[\"registry.terraform.io/hashicorp/azurerm\"]",
      "instances": [
        {
          "index_key": 0,
          "schema_version": 0,
          "attributes": {
            "additional_capabilities": [],
            "admin_password": "Admin123",
            "admin_ssh_key": [
              {
                "public_key": "ssh-rsa AAAAB3NzaC1yc2EAAAADAQABAAABgQDUdimfZQRFP+c3OjNCOPrnTgsSgFnWLj9GjZzT6P7wVM529PQHRcWPlNh2x44DbYZQC5Cto549Ai7p1odkOw20xxjKpE0xzOAIhFR68CvUETzxojn5e6CLHZbpTKojICBVwvRyLYMH+N6dXIXHm8+IT59C6OSgKAgZcX9ap9Eht1Xw1XaqnbofDo8I6K4JvolU1Osfwc34aPrjE2txfY+ycGa4BePXPn2U0uqs6v48ufWvcH5vflY30nUNgRuFqjvI+Tf/+Otmz1FYAl12vlSxfZ1YVgzvf94OA829sx/3ZlguXe1AQNuwVKrA6tQY+cZkUcBeJA1JDY2d743KBXr8gPqkTtXAu9jZ4VZFqS2SdYAlvjaIV9UJddSnSGrwWpNZEDl+LXNf64zGBY4DTj0b+G7/OncJIZKSTuYWLaBGf4lb2QElt8iLj18j9jOe/7WRRE6xBIdkLVuy7J+DGrEZy9eB8bPSR5YmtyqDJUrmhPItImfh4JLHNWPyPuhif8s= annfernando@MSI\n",
                "username": "ann-n01517411"
              }
            ],
            "admin_username": "ann-n01517411",
            "allow_extension_operations": true,
            "availability_set_id": "/subscriptions/b8af47be-e371-411e-99cf-60e960a5d5ab/resourceGroups/7411_assignment1_RG/providers/Microsoft.Compute/availabilitySets/LINUX-AVS7411",
            "boot_diagnostics": [
              {
                "storage_account_uri": "https://7411storageaccount.blob.core.windows.net/"
              }
            ],
            "computer_name": "linux-vm74111",
            "custom_data": null,
            "dedicated_host_group_id": "",
            "dedicated_host_id": "",
            "disable_password_authentication": false,
            "edge_zone": "",
            "encryption_at_host_enabled": false,
            "eviction_policy": "",
            "extensions_time_budget": "PT1H30M",
            "id": "/subscriptions/b8af47be-e371-411e-99cf-60e960a5d5ab/resourceGroups/7411_assignment1_RG/providers/Microsoft.Compute/virtualMachines/linux-vm74111",
            "identity": [],
            "license_type": "",
            "location": "australiaeast",
            "max_bid_price": -1,
            "name": "linux-vm74111",
            "network_interface_ids": [
              "/subscriptions/b8af47be-e371-411e-99cf-60e960a5d5ab/resourceGroups/7411_assignment1_RG/providers/Microsoft.Network/networkInterfaces/linux-vm7411-nic-2"
            ],
            "os_disk": [
              {
                "caching": "ReadWrite",
                "diff_disk_settings": [],
                "disk_encryption_set_id": "",
                "disk_size_gb": 127,
                "name": "linux-vm7411-os-disk-1",
                "secure_vm_disk_encryption_set_id": "",
                "security_encryption_type": "",
                "storage_account_type": "Standard_LRS",
                "write_accelerator_enabled": false
              }
            ],
            "patch_mode": "ImageDefault",
            "plan": [],
            "platform_fault_domain": -1,
            "priority": "Regular",
            "private_ip_address": "10.0.1.6",
            "private_ip_addresses": [
              "10.0.1.6"
            ],
            "provision_vm_agent": true,
            "proximity_placement_group_id": "",
            "public_ip_address": "20.28.180.57",
            "public_ip_addresses": [
              "20.28.180.57"
            ],
            "resource_group_name": "7411_assignment1_RG",
            "secret": [],
            "secure_boot_enabled": false,
            "size": "Standard_B1s",
            "source_image_id": "",
            "source_image_reference": [
              {
                "offer": "CentOS",
                "publisher": "OpenLogic",
                "sku": "7.3",
                "version": "latest"
              }
            ],
            "tags": {
              "Environment": "Lab",
              "ExpirationDate": "2022-06-30",
              "Name": "Ann.Fernando",
              "Project": "Automation Project – Assignment 1"
            },
            "termination_notification": null,
            "timeouts": null,
            "user_data": "",
            "virtual_machine_id": "f9d3f5d5-45a1-40cd-a1bb-fc8226a49666",
            "virtual_machine_scale_set_id": "",
            "vtpm_enabled": false,
            "zone": ""
          },
          "sensitive_attributes": [],
          "private": "eyJlMmJmYjczMC1lY2FhLTExZTYtOGY4OC0zNDM2M2JjN2M0YzAiOnsiY3JlYXRlIjoyNzAwMDAwMDAwMDAwLCJkZWxldGUiOjI3MDAwMDAwMDAwMDAsInJlYWQiOjMwMDAwMDAwMDAwMCwidXBkYXRlIjoyNzAwMDAwMDAwMDAwfX0=",
          "dependencies": [
            "module.common.azurerm_log_analytics_workspace.log_analytics_ws",
            "module.common.azurerm_recovery_services_vault.rec_service_vault",
            "module.common.azurerm_storage_account.storage_account",
            "module.common.azurerm_storage_blob.blob_storage",
            "module.common.azurerm_storage_container.storage_container",
            "module.network.azurerm_network_security_group.secgroup",
            "module.network.azurerm_subnet.subnet",
            "module.network.azurerm_subnet_network_security_group_association.sgassociation",
            "module.network.azurerm_virtual_network.vnet",
            "module.rgroup.azurerm_resource_group.rgroup",
            "module.vmlinux.azurerm_availability_set.avset",
            "module.vmlinux.azurerm_network_interface.linux_nic",
            "module.vmlinux.azurerm_public_ip.public_ip"
          ]
        },
        {
          "index_key": 1,
          "schema_version": 0,
          "attributes": {
            "additional_capabilities": [],
            "admin_password": "Admin123",
            "admin_ssh_key": [
              {
                "public_key": "ssh-rsa AAAAB3NzaC1yc2EAAAADAQABAAABgQDUdimfZQRFP+c3OjNCOPrnTgsSgFnWLj9GjZzT6P7wVM529PQHRcWPlNh2x44DbYZQC5Cto549Ai7p1odkOw20xxjKpE0xzOAIhFR68CvUETzxojn5e6CLHZbpTKojICBVwvRyLYMH+N6dXIXHm8+IT59C6OSgKAgZcX9ap9Eht1Xw1XaqnbofDo8I6K4JvolU1Osfwc34aPrjE2txfY+ycGa4BePXPn2U0uqs6v48ufWvcH5vflY30nUNgRuFqjvI+Tf/+Otmz1FYAl12vlSxfZ1YVgzvf94OA829sx/3ZlguXe1AQNuwVKrA6tQY+cZkUcBeJA1JDY2d743KBXr8gPqkTtXAu9jZ4VZFqS2SdYAlvjaIV9UJddSnSGrwWpNZEDl+LXNf64zGBY4DTj0b+G7/OncJIZKSTuYWLaBGf4lb2QElt8iLj18j9jOe/7WRRE6xBIdkLVuy7J+DGrEZy9eB8bPSR5YmtyqDJUrmhPItImfh4JLHNWPyPuhif8s= annfernando@MSI\n",
                "username": "ann-n01517411"
              }
            ],
            "admin_username": "ann-n01517411",
            "allow_extension_operations": true,
            "availability_set_id": "/subscriptions/b8af47be-e371-411e-99cf-60e960a5d5ab/resourceGroups/7411_assignment1_RG/providers/Microsoft.Compute/availabilitySets/LINUX-AVS7411",
            "boot_diagnostics": [
              {
                "storage_account_uri": "https://7411storageaccount.blob.core.windows.net/"
              }
            ],
            "computer_name": "linux-vm74112",
            "custom_data": null,
            "dedicated_host_group_id": "",
            "dedicated_host_id": "",
            "disable_password_authentication": false,
            "edge_zone": "",
            "encryption_at_host_enabled": false,
            "eviction_policy": "",
            "extensions_time_budget": "PT1H30M",
            "id": "/subscriptions/b8af47be-e371-411e-99cf-60e960a5d5ab/resourceGroups/7411_assignment1_RG/providers/Microsoft.Compute/virtualMachines/linux-vm74112",
            "identity": [],
            "license_type": "",
            "location": "australiaeast",
            "max_bid_price": -1,
            "name": "linux-vm74112",
            "network_interface_ids": [
              "/subscriptions/b8af47be-e371-411e-99cf-60e960a5d5ab/resourceGroups/7411_assignment1_RG/providers/Microsoft.Network/networkInterfaces/linux-vm7411-nic-1"
            ],
            "os_disk": [
              {
                "caching": "ReadWrite",
                "diff_disk_settings": [],
                "disk_encryption_set_id": "",
                "disk_size_gb": 127,
                "name": "linux-vm7411-os-disk-2",
                "secure_vm_disk_encryption_set_id": "",
                "security_encryption_type": "",
                "storage_account_type": "Standard_LRS",
                "write_accelerator_enabled": false
              }
            ],
            "patch_mode": "ImageDefault",
            "plan": [],
            "platform_fault_domain": -1,
            "priority": "Regular",
            "private_ip_address": "10.0.1.5",
            "private_ip_addresses": [
              "10.0.1.5"
            ],
            "provision_vm_agent": true,
            "proximity_placement_group_id": "",
            "public_ip_address": "20.28.179.186",
            "public_ip_addresses": [
              "20.28.179.186"
            ],
            "resource_group_name": "7411_assignment1_RG",
            "secret": [],
            "secure_boot_enabled": false,
            "size": "Standard_B1s",
            "source_image_id": "",
            "source_image_reference": [
              {
                "offer": "CentOS",
                "publisher": "OpenLogic",
                "sku": "7.3",
                "version": "latest"
              }
            ],
            "tags": {
              "Environment": "Lab",
              "ExpirationDate": "2022-06-30",
              "Name": "Ann.Fernando",
              "Project": "Automation Project – Assignment 1"
            },
            "termination_notification": null,
            "timeouts": null,
            "user_data": "",
            "virtual_machine_id": "5f01727b-15a2-49e8-bfb3-6bc45f1f633f",
            "virtual_machine_scale_set_id": "",
            "vtpm_enabled": false,
            "zone": ""
          },
          "sensitive_attributes": [],
          "private": "eyJlMmJmYjczMC1lY2FhLTExZTYtOGY4OC0zNDM2M2JjN2M0YzAiOnsiY3JlYXRlIjoyNzAwMDAwMDAwMDAwLCJkZWxldGUiOjI3MDAwMDAwMDAwMDAsInJlYWQiOjMwMDAwMDAwMDAwMCwidXBkYXRlIjoyNzAwMDAwMDAwMDAwfX0=",
          "dependencies": [
            "module.common.azurerm_log_analytics_workspace.log_analytics_ws",
            "module.common.azurerm_recovery_services_vault.rec_service_vault",
            "module.common.azurerm_storage_account.storage_account",
            "module.common.azurerm_storage_blob.blob_storage",
            "module.common.azurerm_storage_container.storage_container",
            "module.network.azurerm_network_security_group.secgroup",
            "module.network.azurerm_subnet.subnet",
            "module.network.azurerm_subnet_network_security_group_association.sgassociation",
            "module.network.azurerm_virtual_network.vnet",
            "module.rgroup.azurerm_resource_group.rgroup",
            "module.vmlinux.azurerm_availability_set.avset",
            "module.vmlinux.azurerm_network_interface.linux_nic",
            "module.vmlinux.azurerm_public_ip.public_ip"
          ]
        }
      ]
    },
    {
      "module": "module.vmlinux",
      "mode": "managed",
      "type": "azurerm_network_interface",
      "name": "linux_nic",
      "provider": "provider[\"registry.terraform.io/hashicorp/azurerm\"]",
      "instances": [
        {
          "index_key": 0,
          "schema_version": 0,
          "attributes": {
            "applied_dns_servers": [],
            "dns_servers": [],
            "edge_zone": "",
            "enable_accelerated_networking": false,
            "enable_ip_forwarding": false,
            "id": "/subscriptions/b8af47be-e371-411e-99cf-60e960a5d5ab/resourceGroups/7411_assignment1_RG/providers/Microsoft.Network/networkInterfaces/linux-vm7411-nic-1",
            "internal_dns_name_label": "",
            "internal_domain_name_suffix": "gifor510qphuzbj05i12d24rif.px.internal.cloudapp.net",
            "ip_configuration": [
              {
                "gateway_load_balancer_frontend_ip_configuration_id": "",
                "name": "internal-1",
                "primary": true,
                "private_ip_address": "10.0.1.5",
                "private_ip_address_allocation": "Dynamic",
                "private_ip_address_version": "IPv4",
                "public_ip_address_id": "/subscriptions/b8af47be-e371-411e-99cf-60e960a5d5ab/resourceGroups/7411_assignment1_RG/providers/Microsoft.Network/publicIPAddresses/linux-vm7411-pip-1",
                "subnet_id": "/subscriptions/b8af47be-e371-411e-99cf-60e960a5d5ab/resourceGroups/7411_assignment1_RG/providers/Microsoft.Network/virtualNetworks/vnet7411/subnets/subnet"
              }
            ],
            "location": "australiaeast",
            "mac_address": "",
            "name": "linux-vm7411-nic-1",
            "private_ip_address": "10.0.1.5",
            "private_ip_addresses": [
              "10.0.1.5"
            ],
            "resource_group_name": "7411_assignment1_RG",
            "tags": {
              "Environment": "Lab",
              "ExpirationDate": "2022-06-30",
              "Name": "Ann.Fernando",
              "Project": "Automation Project – Assignment 1"
            },
            "timeouts": null,
            "virtual_machine_id": ""
          },
          "sensitive_attributes": [],
          "private": "eyJlMmJmYjczMC1lY2FhLTExZTYtOGY4OC0zNDM2M2JjN2M0YzAiOnsiY3JlYXRlIjoxODAwMDAwMDAwMDAwLCJkZWxldGUiOjE4MDAwMDAwMDAwMDAsInJlYWQiOjMwMDAwMDAwMDAwMCwidXBkYXRlIjoxODAwMDAwMDAwMDAwfX0=",
          "dependencies": [
            "module.common.azurerm_log_analytics_workspace.log_analytics_ws",
            "module.common.azurerm_recovery_services_vault.rec_service_vault",
            "module.common.azurerm_storage_account.storage_account",
            "module.common.azurerm_storage_blob.blob_storage",
            "module.common.azurerm_storage_container.storage_container",
            "module.network.azurerm_network_security_group.secgroup",
            "module.network.azurerm_subnet.subnet",
            "module.network.azurerm_subnet_network_security_group_association.sgassociation",
            "module.network.azurerm_virtual_network.vnet",
            "module.rgroup.azurerm_resource_group.rgroup",
            "module.vmlinux.azurerm_public_ip.public_ip"
          ]
        },
        {
          "index_key": 1,
          "schema_version": 0,
          "attributes": {
            "applied_dns_servers": [],
            "dns_servers": [],
            "edge_zone": "",
            "enable_accelerated_networking": false,
            "enable_ip_forwarding": false,
            "id": "/subscriptions/b8af47be-e371-411e-99cf-60e960a5d5ab/resourceGroups/7411_assignment1_RG/providers/Microsoft.Network/networkInterfaces/linux-vm7411-nic-2",
            "internal_dns_name_label": "",
            "internal_domain_name_suffix": "gifor510qphuzbj05i12d24rif.px.internal.cloudapp.net",
            "ip_configuration": [
              {
                "gateway_load_balancer_frontend_ip_configuration_id": "",
                "name": "internal-2",
                "primary": true,
                "private_ip_address": "10.0.1.6",
                "private_ip_address_allocation": "Dynamic",
                "private_ip_address_version": "IPv4",
                "public_ip_address_id": "/subscriptions/b8af47be-e371-411e-99cf-60e960a5d5ab/resourceGroups/7411_assignment1_RG/providers/Microsoft.Network/publicIPAddresses/linux-vm7411-pip-2",
                "subnet_id": "/subscriptions/b8af47be-e371-411e-99cf-60e960a5d5ab/resourceGroups/7411_assignment1_RG/providers/Microsoft.Network/virtualNetworks/vnet7411/subnets/subnet"
              }
            ],
            "location": "australiaeast",
            "mac_address": "",
            "name": "linux-vm7411-nic-2",
            "private_ip_address": "10.0.1.6",
            "private_ip_addresses": [
              "10.0.1.6"
            ],
            "resource_group_name": "7411_assignment1_RG",
            "tags": {
              "Environment": "Lab",
              "ExpirationDate": "2022-06-30",
              "Name": "Ann.Fernando",
              "Project": "Automation Project – Assignment 1"
            },
            "timeouts": null,
            "virtual_machine_id": ""
          },
          "sensitive_attributes": [],
          "private": "eyJlMmJmYjczMC1lY2FhLTExZTYtOGY4OC0zNDM2M2JjN2M0YzAiOnsiY3JlYXRlIjoxODAwMDAwMDAwMDAwLCJkZWxldGUiOjE4MDAwMDAwMDAwMDAsInJlYWQiOjMwMDAwMDAwMDAwMCwidXBkYXRlIjoxODAwMDAwMDAwMDAwfX0=",
          "dependencies": [
            "module.common.azurerm_log_analytics_workspace.log_analytics_ws",
            "module.common.azurerm_recovery_services_vault.rec_service_vault",
            "module.common.azurerm_storage_account.storage_account",
            "module.common.azurerm_storage_blob.blob_storage",
            "module.common.azurerm_storage_container.storage_container",
            "module.network.azurerm_network_security_group.secgroup",
            "module.network.azurerm_subnet.subnet",
            "module.network.azurerm_subnet_network_security_group_association.sgassociation",
            "module.network.azurerm_virtual_network.vnet",
            "module.rgroup.azurerm_resource_group.rgroup",
            "module.vmlinux.azurerm_public_ip.public_ip"
          ]
        }
      ]
    },
    {
      "module": "module.vmlinux",
      "mode": "managed",
      "type": "azurerm_public_ip",
      "name": "public_ip",
      "provider": "provider[\"registry.terraform.io/hashicorp/azurerm\"]",
      "instances": [
        {
          "index_key": 0,
          "schema_version": 0,
          "attributes": {
            "allocation_method": "Dynamic",
            "domain_name_label": "linux-vm7411-dns-1",
            "edge_zone": "",
            "fqdn": "linux-vm7411-dns-1.australiaeast.cloudapp.azure.com",
            "id": "/subscriptions/b8af47be-e371-411e-99cf-60e960a5d5ab/resourceGroups/7411_assignment1_RG/providers/Microsoft.Network/publicIPAddresses/linux-vm7411-pip-1",
            "idle_timeout_in_minutes": 4,
            "ip_address": "",
            "ip_tags": null,
            "ip_version": "IPv4",
            "location": "australiaeast",
            "name": "linux-vm7411-pip-1",
            "public_ip_prefix_id": null,
            "resource_group_name": "7411_assignment1_RG",
            "reverse_fqdn": "",
            "sku": "Basic",
            "sku_tier": "Regional",
            "tags": {
              "Environment": "Lab",
              "ExpirationDate": "2022-06-30",
              "Name": "Ann.Fernando",
              "Project": "Automation Project – Assignment 1"
            },
            "timeouts": null,
            "zones": null
          },
          "sensitive_attributes": [],
          "private": "eyJlMmJmYjczMC1lY2FhLTExZTYtOGY4OC0zNDM2M2JjN2M0YzAiOnsiY3JlYXRlIjoxODAwMDAwMDAwMDAwLCJkZWxldGUiOjE4MDAwMDAwMDAwMDAsInJlYWQiOjMwMDAwMDAwMDAwMCwidXBkYXRlIjoxODAwMDAwMDAwMDAwfX0=",
          "dependencies": [
            "module.common.azurerm_log_analytics_workspace.log_analytics_ws",
            "module.common.azurerm_recovery_services_vault.rec_service_vault",
            "module.common.azurerm_storage_account.storage_account",
            "module.common.azurerm_storage_blob.blob_storage",
            "module.common.azurerm_storage_container.storage_container",
            "module.network.azurerm_network_security_group.secgroup",
            "module.network.azurerm_subnet.subnet",
            "module.network.azurerm_subnet_network_security_group_association.sgassociation",
            "module.network.azurerm_virtual_network.vnet",
            "module.rgroup.azurerm_resource_group.rgroup"
          ]
        },
        {
          "index_key": 1,
          "schema_version": 0,
          "attributes": {
            "allocation_method": "Dynamic",
            "domain_name_label": "linux-vm7411-dns-2",
            "edge_zone": "",
            "fqdn": "linux-vm7411-dns-2.australiaeast.cloudapp.azure.com",
            "id": "/subscriptions/b8af47be-e371-411e-99cf-60e960a5d5ab/resourceGroups/7411_assignment1_RG/providers/Microsoft.Network/publicIPAddresses/linux-vm7411-pip-2",
            "idle_timeout_in_minutes": 4,
            "ip_address": "",
            "ip_tags": null,
            "ip_version": "IPv4",
            "location": "australiaeast",
            "name": "linux-vm7411-pip-2",
            "public_ip_prefix_id": null,
            "resource_group_name": "7411_assignment1_RG",
            "reverse_fqdn": "",
            "sku": "Basic",
            "sku_tier": "Regional",
            "tags": {
              "Environment": "Lab",
              "ExpirationDate": "2022-06-30",
              "Name": "Ann.Fernando",
              "Project": "Automation Project – Assignment 1"
            },
            "timeouts": null,
            "zones": null
          },
          "sensitive_attributes": [],
          "private": "eyJlMmJmYjczMC1lY2FhLTExZTYtOGY4OC0zNDM2M2JjN2M0YzAiOnsiY3JlYXRlIjoxODAwMDAwMDAwMDAwLCJkZWxldGUiOjE4MDAwMDAwMDAwMDAsInJlYWQiOjMwMDAwMDAwMDAwMCwidXBkYXRlIjoxODAwMDAwMDAwMDAwfX0=",
          "dependencies": [
            "module.common.azurerm_log_analytics_workspace.log_analytics_ws",
            "module.common.azurerm_recovery_services_vault.rec_service_vault",
            "module.common.azurerm_storage_account.storage_account",
            "module.common.azurerm_storage_blob.blob_storage",
            "module.common.azurerm_storage_container.storage_container",
            "module.network.azurerm_network_security_group.secgroup",
            "module.network.azurerm_subnet.subnet",
            "module.network.azurerm_subnet_network_security_group_association.sgassociation",
            "module.network.azurerm_virtual_network.vnet",
            "module.rgroup.azurerm_resource_group.rgroup"
          ]
        }
      ]
    },
    {
      "module": "module.vmlinux",
      "mode": "managed",
      "type": "azurerm_virtual_machine_extension",
      "name": "watcher_extension",
      "provider": "provider[\"registry.terraform.io/hashicorp/azurerm\"]",
      "instances": [
        {
          "index_key": 0,
          "schema_version": 0,
          "attributes": {
            "auto_upgrade_minor_version": true,
            "automatic_upgrade_enabled": false,
            "id": "/subscriptions/b8af47be-e371-411e-99cf-60e960a5d5ab/resourceGroups/7411_assignment1_RG/providers/Microsoft.Compute/virtualMachines/linux-vm74111/extensions/networkwatcher7411",
            "name": "networkwatcher7411",
            "protected_settings": null,
            "publisher": "Microsoft.Azure.NetworkWatcher",
            "settings": null,
            "tags": null,
            "timeouts": null,
            "type": "NetworkWatcherAgentLinux",
            "type_handler_version": "1.4",
            "virtual_machine_id": "/subscriptions/b8af47be-e371-411e-99cf-60e960a5d5ab/resourceGroups/7411_assignment1_RG/providers/Microsoft.Compute/virtualMachines/linux-vm74111"
          },
          "sensitive_attributes": [],
          "private": "eyJlMmJmYjczMC1lY2FhLTExZTYtOGY4OC0zNDM2M2JjN2M0YzAiOnsiY3JlYXRlIjoxODAwMDAwMDAwMDAwLCJkZWxldGUiOjE4MDAwMDAwMDAwMDAsInJlYWQiOjMwMDAwMDAwMDAwMCwidXBkYXRlIjoxODAwMDAwMDAwMDAwfX0=",
          "dependencies": [
            "module.common.azurerm_log_analytics_workspace.log_analytics_ws",
            "module.common.azurerm_recovery_services_vault.rec_service_vault",
            "module.common.azurerm_storage_account.storage_account",
            "module.common.azurerm_storage_blob.blob_storage",
            "module.common.azurerm_storage_container.storage_container",
            "module.network.azurerm_network_security_group.secgroup",
            "module.network.azurerm_subnet.subnet",
            "module.network.azurerm_subnet_network_security_group_association.sgassociation",
            "module.network.azurerm_virtual_network.vnet",
            "module.rgroup.azurerm_resource_group.rgroup",
            "module.vmlinux.azurerm_availability_set.avset",
            "module.vmlinux.azurerm_linux_virtual_machine.linux_vm",
            "module.vmlinux.azurerm_network_interface.linux_nic",
            "module.vmlinux.azurerm_public_ip.public_ip"
          ]
        },
        {
          "index_key": 1,
          "schema_version": 0,
          "attributes": {
            "auto_upgrade_minor_version": true,
            "automatic_upgrade_enabled": false,
            "id": "/subscriptions/b8af47be-e371-411e-99cf-60e960a5d5ab/resourceGroups/7411_assignment1_RG/providers/Microsoft.Compute/virtualMachines/linux-vm74112/extensions/networkwatcher7411",
            "name": "networkwatcher7411",
            "protected_settings": null,
            "publisher": "Microsoft.Azure.NetworkWatcher",
            "settings": null,
            "tags": null,
            "timeouts": null,
            "type": "NetworkWatcherAgentLinux",
            "type_handler_version": "1.4",
            "virtual_machine_id": "/subscriptions/b8af47be-e371-411e-99cf-60e960a5d5ab/resourceGroups/7411_assignment1_RG/providers/Microsoft.Compute/virtualMachines/linux-vm74112"
          },
          "sensitive_attributes": [],
          "private": "eyJlMmJmYjczMC1lY2FhLTExZTYtOGY4OC0zNDM2M2JjN2M0YzAiOnsiY3JlYXRlIjoxODAwMDAwMDAwMDAwLCJkZWxldGUiOjE4MDAwMDAwMDAwMDAsInJlYWQiOjMwMDAwMDAwMDAwMCwidXBkYXRlIjoxODAwMDAwMDAwMDAwfX0=",
          "dependencies": [
            "module.common.azurerm_log_analytics_workspace.log_analytics_ws",
            "module.common.azurerm_recovery_services_vault.rec_service_vault",
            "module.common.azurerm_storage_account.storage_account",
            "module.common.azurerm_storage_blob.blob_storage",
            "module.common.azurerm_storage_container.storage_container",
            "module.network.azurerm_network_security_group.secgroup",
            "module.network.azurerm_subnet.subnet",
            "module.network.azurerm_subnet_network_security_group_association.sgassociation",
            "module.network.azurerm_virtual_network.vnet",
            "module.rgroup.azurerm_resource_group.rgroup",
            "module.vmlinux.azurerm_availability_set.avset",
            "module.vmlinux.azurerm_linux_virtual_machine.linux_vm",
            "module.vmlinux.azurerm_network_interface.linux_nic",
            "module.vmlinux.azurerm_public_ip.public_ip"
          ]
        }
      ]
    },
    {
      "module": "module.vmlinux",
      "mode": "managed",
      "type": "null_resource",
      "name": "linux_provisioner",
      "provider": "provider[\"registry.terraform.io/hashicorp/null\"]",
      "instances": [
        {
          "index_key": 0,
          "schema_version": 0,
          "attributes": {
            "id": "157694509863480939",
            "triggers": null
          },
          "sensitive_attributes": [],
          "private": "bnVsbA==",
          "dependencies": [
            "module.common.azurerm_log_analytics_workspace.log_analytics_ws",
            "module.common.azurerm_recovery_services_vault.rec_service_vault",
            "module.common.azurerm_storage_account.storage_account",
            "module.common.azurerm_storage_blob.blob_storage",
            "module.common.azurerm_storage_container.storage_container",
            "module.network.azurerm_network_security_group.secgroup",
            "module.network.azurerm_subnet.subnet",
            "module.network.azurerm_subnet_network_security_group_association.sgassociation",
            "module.network.azurerm_virtual_network.vnet",
            "module.rgroup.azurerm_resource_group.rgroup",
            "module.vmlinux.azurerm_availability_set.avset",
            "module.vmlinux.azurerm_linux_virtual_machine.linux_vm",
            "module.vmlinux.azurerm_network_interface.linux_nic",
            "module.vmlinux.azurerm_public_ip.public_ip"
          ]
        },
        {
          "index_key": 1,
          "schema_version": 0,
          "attributes": {
            "id": "5543512173095765767",
            "triggers": null
          },
          "sensitive_attributes": [],
          "private": "bnVsbA==",
          "dependencies": [
            "module.common.azurerm_log_analytics_workspace.log_analytics_ws",
            "module.common.azurerm_recovery_services_vault.rec_service_vault",
            "module.common.azurerm_storage_account.storage_account",
            "module.common.azurerm_storage_blob.blob_storage",
            "module.common.azurerm_storage_container.storage_container",
            "module.network.azurerm_network_security_group.secgroup",
            "module.network.azurerm_subnet.subnet",
            "module.network.azurerm_subnet_network_security_group_association.sgassociation",
            "module.network.azurerm_virtual_network.vnet",
            "module.rgroup.azurerm_resource_group.rgroup",
            "module.vmlinux.azurerm_availability_set.avset",
            "module.vmlinux.azurerm_linux_virtual_machine.linux_vm",
            "module.vmlinux.azurerm_network_interface.linux_nic",
            "module.vmlinux.azurerm_public_ip.public_ip"
          ]
        }
      ]
    },
    {
      "module": "module.vmwindows",
      "mode": "managed",
      "type": "azurerm_availability_set",
      "name": "avset",
      "provider": "provider[\"registry.terraform.io/hashicorp/azurerm\"]",
      "instances": [
        {
          "schema_version": 0,
          "attributes": {
            "id": "/subscriptions/b8af47be-e371-411e-99cf-60e960a5d5ab/resourceGroups/7411_assignment1_RG/providers/Microsoft.Compute/availabilitySets/windows-avs",
            "location": "australiaeast",
            "managed": true,
            "name": "windows-avs",
            "platform_fault_domain_count": 2,
            "platform_update_domain_count": 5,
            "proximity_placement_group_id": null,
            "resource_group_name": "7411_assignment1_RG",
            "tags": null,
            "timeouts": null
          },
          "sensitive_attributes": [],
          "private": "eyJlMmJmYjczMC1lY2FhLTExZTYtOGY4OC0zNDM2M2JjN2M0YzAiOnsiY3JlYXRlIjoxODAwMDAwMDAwMDAwLCJkZWxldGUiOjE4MDAwMDAwMDAwMDAsInJlYWQiOjMwMDAwMDAwMDAwMCwidXBkYXRlIjoxODAwMDAwMDAwMDAwfX0=",
          "dependencies": [
            "module.common.azurerm_log_analytics_workspace.log_analytics_ws",
            "module.common.azurerm_recovery_services_vault.rec_service_vault",
            "module.common.azurerm_storage_account.storage_account",
            "module.common.azurerm_storage_blob.blob_storage",
            "module.common.azurerm_storage_container.storage_container",
            "module.network.azurerm_network_security_group.secgroup",
            "module.network.azurerm_subnet.subnet",
            "module.network.azurerm_subnet_network_security_group_association.sgassociation",
            "module.network.azurerm_virtual_network.vnet",
            "module.rgroup.azurerm_resource_group.rgroup"
          ]
        }
      ]
    },
    {
      "module": "module.vmwindows",
      "mode": "managed",
      "type": "azurerm_network_interface",
      "name": "windows_nic",
      "provider": "provider[\"registry.terraform.io/hashicorp/azurerm\"]",
      "instances": [
        {
          "index_key": "w-vm-7411",
          "schema_version": 0,
          "attributes": {
            "applied_dns_servers": [],
            "dns_servers": [],
            "edge_zone": "",
            "enable_accelerated_networking": false,
            "enable_ip_forwarding": false,
            "id": "/subscriptions/b8af47be-e371-411e-99cf-60e960a5d5ab/resourceGroups/7411_assignment1_RG/providers/Microsoft.Network/networkInterfaces/w-vm-7411-nic",
            "internal_dns_name_label": "",
            "internal_domain_name_suffix": "gifor510qphuzbj05i12d24rif.px.internal.cloudapp.net",
            "ip_configuration": [
              {
                "gateway_load_balancer_frontend_ip_configuration_id": "",
                "name": "internal",
                "primary": true,
                "private_ip_address": "10.0.1.4",
                "private_ip_address_allocation": "Dynamic",
                "private_ip_address_version": "IPv4",
                "public_ip_address_id": "",
                "subnet_id": "/subscriptions/b8af47be-e371-411e-99cf-60e960a5d5ab/resourceGroups/7411_assignment1_RG/providers/Microsoft.Network/virtualNetworks/vnet7411/subnets/subnet"
              }
            ],
            "location": "australiaeast",
            "mac_address": "",
            "name": "w-vm-7411-nic",
            "private_ip_address": "10.0.1.4",
            "private_ip_addresses": [
              "10.0.1.4"
            ],
            "resource_group_name": "7411_assignment1_RG",
            "tags": {
              "Environment": "Lab",
              "ExpirationDate": "2022-06-30",
              "Name": "Ann.Fernando",
              "Project": "Automation Project – Assignment 1"
            },
            "timeouts": null,
            "virtual_machine_id": ""
          },
          "sensitive_attributes": [],
          "private": "eyJlMmJmYjczMC1lY2FhLTExZTYtOGY4OC0zNDM2M2JjN2M0YzAiOnsiY3JlYXRlIjoxODAwMDAwMDAwMDAwLCJkZWxldGUiOjE4MDAwMDAwMDAwMDAsInJlYWQiOjMwMDAwMDAwMDAwMCwidXBkYXRlIjoxODAwMDAwMDAwMDAwfX0=",
          "dependencies": [
            "module.common.azurerm_log_analytics_workspace.log_analytics_ws",
            "module.common.azurerm_recovery_services_vault.rec_service_vault",
            "module.common.azurerm_storage_account.storage_account",
            "module.common.azurerm_storage_blob.blob_storage",
            "module.common.azurerm_storage_container.storage_container",
            "module.network.azurerm_network_security_group.secgroup",
            "module.network.azurerm_subnet.subnet",
            "module.network.azurerm_subnet_network_security_group_association.sgassociation",
            "module.network.azurerm_virtual_network.vnet",
            "module.rgroup.azurerm_resource_group.rgroup"
          ]
        }
      ]
    },
    {
      "module": "module.vmwindows",
      "mode": "managed",
      "type": "azurerm_public_ip",
      "name": "public_ip",
      "provider": "provider[\"registry.terraform.io/hashicorp/azurerm\"]",
      "instances": [
        {
          "index_key": "w-vm-7411",
          "schema_version": 0,
          "attributes": {
            "allocation_method": "Dynamic",
            "domain_name_label": "w-vm-7411-dns",
            "edge_zone": "",
            "fqdn": "w-vm-7411-dns.australiaeast.cloudapp.azure.com",
            "id": "/subscriptions/b8af47be-e371-411e-99cf-60e960a5d5ab/resourceGroups/7411_assignment1_RG/providers/Microsoft.Network/publicIPAddresses/w-vm-7411-pip",
            "idle_timeout_in_minutes": 4,
            "ip_address": "",
            "ip_tags": null,
            "ip_version": "IPv4",
            "location": "australiaeast",
            "name": "w-vm-7411-pip",
            "public_ip_prefix_id": null,
            "resource_group_name": "7411_assignment1_RG",
            "reverse_fqdn": "",
            "sku": "Basic",
            "sku_tier": "Regional",
            "tags": {
              "Environment": "Lab",
              "ExpirationDate": "2022-06-30",
              "Name": "Ann.Fernando",
              "Project": "Automation Project – Assignment 1"
            },
            "timeouts": null,
            "zones": null
          },
          "sensitive_attributes": [],
          "private": "eyJlMmJmYjczMC1lY2FhLTExZTYtOGY4OC0zNDM2M2JjN2M0YzAiOnsiY3JlYXRlIjoxODAwMDAwMDAwMDAwLCJkZWxldGUiOjE4MDAwMDAwMDAwMDAsInJlYWQiOjMwMDAwMDAwMDAwMCwidXBkYXRlIjoxODAwMDAwMDAwMDAwfX0=",
          "dependencies": [
            "module.common.azurerm_log_analytics_workspace.log_analytics_ws",
            "module.common.azurerm_recovery_services_vault.rec_service_vault",
            "module.common.azurerm_storage_account.storage_account",
            "module.common.azurerm_storage_blob.blob_storage",
            "module.common.azurerm_storage_container.storage_container",
            "module.network.azurerm_network_security_group.secgroup",
            "module.network.azurerm_subnet.subnet",
            "module.network.azurerm_subnet_network_security_group_association.sgassociation",
            "module.network.azurerm_virtual_network.vnet",
            "module.rgroup.azurerm_resource_group.rgroup"
          ]
        }
      ]
    },
    {
      "module": "module.vmwindows",
      "mode": "managed",
      "type": "azurerm_virtual_machine_extension",
      "name": "avext",
      "provider": "provider[\"registry.terraform.io/hashicorp/azurerm\"]",
      "instances": [
        {
          "index_key": "w-vm-7411",
          "schema_version": 0,
          "attributes": {
            "auto_upgrade_minor_version": true,
            "automatic_upgrade_enabled": false,
            "id": "/subscriptions/b8af47be-e371-411e-99cf-60e960a5d5ab/resourceGroups/7411_assignment1_RG/providers/Microsoft.Compute/virtualMachines/w-vm-7411/extensions/IaaSAntimalware",
            "name": "IaaSAntimalware",
            "protected_settings": null,
            "publisher": "Microsoft.Azure.Security",
            "settings": null,
            "tags": null,
            "timeouts": null,
            "type": "IaaSAntimalware",
            "type_handler_version": "1.3",
            "virtual_machine_id": "/subscriptions/b8af47be-e371-411e-99cf-60e960a5d5ab/resourceGroups/7411_assignment1_RG/providers/Microsoft.Compute/virtualMachines/w-vm-7411"
          },
          "sensitive_attributes": [],
          "private": "eyJlMmJmYjczMC1lY2FhLTExZTYtOGY4OC0zNDM2M2JjN2M0YzAiOnsiY3JlYXRlIjoxODAwMDAwMDAwMDAwLCJkZWxldGUiOjE4MDAwMDAwMDAwMDAsInJlYWQiOjMwMDAwMDAwMDAwMCwidXBkYXRlIjoxODAwMDAwMDAwMDAwfX0=",
          "dependencies": [
            "module.common.azurerm_log_analytics_workspace.log_analytics_ws",
            "module.common.azurerm_recovery_services_vault.rec_service_vault",
            "module.common.azurerm_storage_account.storage_account",
            "module.common.azurerm_storage_blob.blob_storage",
            "module.common.azurerm_storage_container.storage_container",
            "module.network.azurerm_network_security_group.secgroup",
            "module.network.azurerm_subnet.subnet",
            "module.network.azurerm_subnet_network_security_group_association.sgassociation",
            "module.network.azurerm_virtual_network.vnet",
            "module.rgroup.azurerm_resource_group.rgroup",
            "module.vmwindows.azurerm_availability_set.avset",
            "module.vmwindows.azurerm_network_interface.windows_nic",
            "module.vmwindows.azurerm_windows_virtual_machine.windows_vm"
          ]
        }
      ]
    },
    {
      "module": "module.vmwindows",
      "mode": "managed",
      "type": "azurerm_windows_virtual_machine",
      "name": "windows_vm",
      "provider": "provider[\"registry.terraform.io/hashicorp/azurerm\"]",
      "instances": [
        {
          "index_key": "w-vm-7411",
          "schema_version": 0,
          "attributes": {
            "additional_capabilities": [],
            "additional_unattend_content": [],
            "admin_password": "Admin123",
            "admin_username": "ann-n01517411",
            "allow_extension_operations": true,
            "availability_set_id": "/subscriptions/b8af47be-e371-411e-99cf-60e960a5d5ab/resourceGroups/7411_assignment1_RG/providers/Microsoft.Compute/availabilitySets/WINDOWS-AVS",
            "boot_diagnostics": [
              {
                "storage_account_uri": "https://7411storageaccount.blob.core.windows.net/"
              }
            ],
            "computer_name": "w-vm-7411",
            "custom_data": null,
            "dedicated_host_group_id": "",
            "dedicated_host_id": "",
            "edge_zone": "",
            "enable_automatic_updates": true,
            "encryption_at_host_enabled": false,
            "eviction_policy": "",
            "extensions_time_budget": "PT1H30M",
            "hotpatching_enabled": false,
            "id": "/subscriptions/b8af47be-e371-411e-99cf-60e960a5d5ab/resourceGroups/7411_assignment1_RG/providers/Microsoft.Compute/virtualMachines/w-vm-7411",
            "identity": [],
            "license_type": "",
            "location": "australiaeast",
            "max_bid_price": -1,
            "name": "w-vm-7411",
            "network_interface_ids": [
              "/subscriptions/b8af47be-e371-411e-99cf-60e960a5d5ab/resourceGroups/7411_assignment1_RG/providers/Microsoft.Network/networkInterfaces/w-vm-7411-nic"
            ],
            "os_disk": [
              {
                "caching": "ReadWrite",
                "diff_disk_settings": [],
                "disk_encryption_set_id": "",
                "disk_size_gb": 127,
                "name": "w-vm-7411-os-disk",
                "secure_vm_disk_encryption_set_id": "",
                "security_encryption_type": "",
                "storage_account_type": "Standard_LRS",
                "write_accelerator_enabled": false
              }
            ],
            "patch_mode": "AutomaticByOS",
            "plan": [],
            "platform_fault_domain": -1,
            "priority": "Regular",
            "private_ip_address": "10.0.1.4",
            "private_ip_addresses": [
              "10.0.1.4"
            ],
            "provision_vm_agent": true,
            "proximity_placement_group_id": "",
            "public_ip_address": "",
            "public_ip_addresses": [],
            "resource_group_name": "7411_assignment1_RG",
            "secret": [],
            "secure_boot_enabled": false,
            "size": "Standard_B1ms",
            "source_image_id": "",
            "source_image_reference": [
              {
                "offer": "WindowsServer",
                "publisher": "MicrosoftWindowsServer",
                "sku": "2016-Datacenter",
                "version": "latest"
              }
            ],
            "tags": {
              "Environment": "Lab",
              "ExpirationDate": "2022-06-30",
              "Name": "Ann.Fernando",
              "Project": "Automation Project – Assignment 1"
            },
            "termination_notification": null,
            "timeouts": null,
            "timezone": "",
            "user_data": "",
            "virtual_machine_id": "0143a401-9571-4f41-b944-07566de28ee6",
            "virtual_machine_scale_set_id": "",
            "vtpm_enabled": false,
            "winrm_listener": [
              {
                "certificate_url": "",
                "protocol": "Http"
              }
            ],
            "zone": ""
          },
          "sensitive_attributes": [],
          "private": "eyJlMmJmYjczMC1lY2FhLTExZTYtOGY4OC0zNDM2M2JjN2M0YzAiOnsiY3JlYXRlIjoyNzAwMDAwMDAwMDAwLCJkZWxldGUiOjI3MDAwMDAwMDAwMDAsInJlYWQiOjMwMDAwMDAwMDAwMCwidXBkYXRlIjoyNzAwMDAwMDAwMDAwfX0=",
          "dependencies": [
            "module.common.azurerm_log_analytics_workspace.log_analytics_ws",
            "module.common.azurerm_recovery_services_vault.rec_service_vault",
            "module.common.azurerm_storage_account.storage_account",
            "module.common.azurerm_storage_blob.blob_storage",
            "module.common.azurerm_storage_container.storage_container",
            "module.network.azurerm_network_security_group.secgroup",
            "module.network.azurerm_subnet.subnet",
            "module.network.azurerm_subnet_network_security_group_association.sgassociation",
            "module.network.azurerm_virtual_network.vnet",
            "module.rgroup.azurerm_resource_group.rgroup",
            "module.vmwindows.azurerm_availability_set.avset",
            "module.vmwindows.azurerm_network_interface.windows_nic"
          ]
        }
      ]
    }
  ]
}
